// !$*UTF8*$!
{
	archiveVersion = 1;
	classes = {
	};
	objectVersion = 50;
	objects = {

/* Begin PBXBuildFile section */
		BE63C1482541BAD900B94E10 /* BagView.swift in Sources */ = {isa = PBXBuildFile; fileRef = BE63C1472541BAD900B94E10 /* BagView.swift */; };
		BE63C14B2541BFA800B94E10 /* DetailView.swift in Sources */ = {isa = PBXBuildFile; fileRef = BE63C14A2541BFA800B94E10 /* DetailView.swift */; };
		BEDA2E002542F56400C35A32 /* ColorButton.swift in Sources */ = {isa = PBXBuildFile; fileRef = BEDA2DFF2542F56400C35A32 /* ColorButton.swift */; };
		BEDA2E032542FA4100C35A32 /* CustomCorner.swift in Sources */ = {isa = PBXBuildFile; fileRef = BEDA2E022542FA4100C35A32 /* CustomCorner.swift */; };
		BEE627252540651200F75A79 /* BagShopApp.swift in Sources */ = {isa = PBXBuildFile; fileRef = BEE627242540651200F75A79 /* BagShopApp.swift */; };
		BEE627272540651200F75A79 /* ContentView.swift in Sources */ = {isa = PBXBuildFile; fileRef = BEE627262540651200F75A79 /* ContentView.swift */; };
		BEE627292540651200F75A79 /* Assets.xcassets in Resources */ = {isa = PBXBuildFile; fileRef = BEE627282540651200F75A79 /* Assets.xcassets */; };
		BEE6272C2540651200F75A79 /* Preview Assets.xcassets in Resources */ = {isa = PBXBuildFile; fileRef = BEE6272B2540651200F75A79 /* Preview Assets.xcassets */; };
		BEE6273825406A1A00F75A79 /* Home.swift in Sources */ = {isa = PBXBuildFile; fileRef = BEE6273725406A1A00F75A79 /* Home.swift */; };
		BEE6273C254077AF00F75A79 /* ModelData.swift in Sources */ = {isa = PBXBuildFile; fileRef = BEE6273B254077AF00F75A79 /* ModelData.swift */; };
		BEE6273F2540795D00F75A79 /* TabButton.swift in Sources */ = {isa = PBXBuildFile; fileRef = BEE6273E2540795D00F75A79 /* TabButton.swift */; };
/* End PBXBuildFile section */

/* Begin PBXFileReference section */
		BE63C1472541BAD900B94E10 /* BagView.swift */ = {isa = PBXFileReference; lastKnownFileType = sourcecode.swift; path = BagView.swift; sourceTree = "<group>"; };
		BE63C14A2541BFA800B94E10 /* DetailView.swift */ = {isa = PBXFileReference; lastKnownFileType = sourcecode.swift; path = DetailView.swift; sourceTree = "<group>"; };
		BEDA2DFF2542F56400C35A32 /* ColorButton.swift */ = {isa = PBXFileReference; lastKnownFileType = sourcecode.swift; path = ColorButton.swift; sourceTree = "<group>"; };
		BEDA2E022542FA4100C35A32 /* CustomCorner.swift */ = {isa = PBXFileReference; lastKnownFileType = sourcecode.swift; path = CustomCorner.swift; sourceTree = "<group>"; };
		BEE627212540651200F75A79 /* BagShop.app */ = {isa = PBXFileReference; explicitFileType = wrapper.application; includeInIndex = 0; path = BagShop.app; sourceTree = BUILT_PRODUCTS_DIR; };
		BEE627242540651200F75A79 /* BagShopApp.swift */ = {isa = PBXFileReference; lastKnownFileType = sourcecode.swift; path = BagShopApp.swift; sourceTree = "<group>"; };
		BEE627262540651200F75A79 /* ContentView.swift */ = {isa = PBXFileReference; lastKnownFileType = sourcecode.swift; path = ContentView.swift; sourceTree = "<group>"; };
		BEE627282540651200F75A79 /* Assets.xcassets */ = {isa = PBXFileReference; lastKnownFileType = folder.assetcatalog; path = Assets.xcassets; sourceTree = "<group>"; };
		BEE6272B2540651200F75A79 /* Preview Assets.xcassets */ = {isa = PBXFileReference; lastKnownFileType = folder.assetcatalog; path = "Preview Assets.xcassets"; sourceTree = "<group>"; };
		BEE6272D2540651200F75A79 /* Info.plist */ = {isa = PBXFileReference; lastKnownFileType = text.plist.xml; path = Info.plist; sourceTree = "<group>"; };
		BEE6273725406A1A00F75A79 /* Home.swift */ = {isa = PBXFileReference; lastKnownFileType = sourcecode.swift; path = Home.swift; sourceTree = "<group>"; };
		BEE6273B254077AF00F75A79 /* ModelData.swift */ = {isa = PBXFileReference; lastKnownFileType = sourcecode.swift; path = ModelData.swift; sourceTree = "<group>"; };
		BEE6273E2540795D00F75A79 /* TabButton.swift */ = {isa = PBXFileReference; lastKnownFileType = sourcecode.swift; path = TabButton.swift; sourceTree = "<group>"; };
/* End PBXFileReference section */

/* Begin PBXFrameworksBuildPhase section */
		BEE6271E2540651200F75A79 /* Frameworks */ = {
			isa = PBXFrameworksBuildPhase;
			buildActionMask = 2147483647;
			files = (
			);
			runOnlyForDeploymentPostprocessing = 0;
		};
/* End PBXFrameworksBuildPhase section */

/* Begin PBXGroup section */
		BEE627182540651200F75A79 = {
			isa = PBXGroup;
			children = (
				BEE627232540651200F75A79 /* BagShop */,
				BEE627222540651200F75A79 /* Products */,
			);
			sourceTree = "<group>";
		};
		BEE627222540651200F75A79 /* Products */ = {
			isa = PBXGroup;
			children = (
				BEE627212540651200F75A79 /* BagShop.app */,
			);
			name = Products;
			sourceTree = "<group>";
		};
		BEE627232540651200F75A79 /* BagShop */ = {
			isa = PBXGroup;
			children = (
				BEE627352540698D00F75A79 /* Model */,
				BEE62736254069AF00F75A79 /* View */,
				BEE627242540651200F75A79 /* BagShopApp.swift */,
				BEE627262540651200F75A79 /* ContentView.swift */,
				BEE627282540651200F75A79 /* Assets.xcassets */,
				BEE6272D2540651200F75A79 /* Info.plist */,
				BEE6272A2540651200F75A79 /* Preview Content */,
			);
			path = BagShop;
			sourceTree = "<group>";
		};
		BEE6272A2540651200F75A79 /* Preview Content */ = {
			isa = PBXGroup;
			children = (
				BEE6272B2540651200F75A79 /* Preview Assets.xcassets */,
			);
			path = "Preview Content";
			sourceTree = "<group>";
		};
		BEE627352540698D00F75A79 /* Model */ = {
			isa = PBXGroup;
			children = (
				BEE6273B254077AF00F75A79 /* ModelData.swift */,
			);
			path = Model;
			sourceTree = "<group>";
		};
		BEE62736254069AF00F75A79 /* View */ = {
			isa = PBXGroup;
			children = (
				BEE6273725406A1A00F75A79 /* Home.swift */,
				BEE6273E2540795D00F75A79 /* TabButton.swift */,
				BE63C1472541BAD900B94E10 /* BagView.swift */,
				BE63C14A2541BFA800B94E10 /* DetailView.swift */,
				BEDA2DFF2542F56400C35A32 /* ColorButton.swift */,
				BEDA2E022542FA4100C35A32 /* CustomCorner.swift */,
			);
			path = View;
			sourceTree = "<group>";
		};
/* End PBXGroup section */

/* Begin PBXNativeTarget section */
		BEE627202540651200F75A79 /* BagShop */ = {
			isa = PBXNativeTarget;
			buildConfigurationList = BEE627302540651200F75A79 /* Build configuration list for PBXNativeTarget "BagShop" */;
			buildPhases = (
				BEE6271D2540651200F75A79 /* Sources */,
				BEE6271E2540651200F75A79 /* Frameworks */,
				BEE6271F2540651200F75A79 /* Resources */,
			);
			buildRules = (
			);
			dependencies = (
			);
			name = BagShop;
			productName = BagShop;
			productReference = BEE627212540651200F75A79 /* BagShop.app */;
			productType = "com.apple.product-type.application";
		};
/* End PBXNativeTarget section */

/* Begin PBXProject section */
		BEE627192540651200F75A79 /* Project object */ = {
			isa = PBXProject;
			attributes = {
				LastSwiftUpdateCheck = 1200;
				LastUpgradeCheck = 1200;
				TargetAttributes = {
					BEE627202540651200F75A79 = {
						CreatedOnToolsVersion = 12.0.1;
					};
				};
			};
			buildConfigurationList = BEE6271C2540651200F75A79 /* Build configuration list for PBXProject "BagShop" */;
			compatibilityVersion = "Xcode 9.3";
			developmentRegion = en;
			hasScannedForEncodings = 0;
			knownRegions = (
				en,
				Base,
			);
			mainGroup = BEE627182540651200F75A79;
			productRefGroup = BEE627222540651200F75A79 /* Products */;
			projectDirPath = "";
			projectRoot = "";
			targets = (
				BEE627202540651200F75A79 /* BagShop */,
			);
		};
/* End PBXProject section */

/* Begin PBXResourcesBuildPhase section */
		BEE6271F2540651200F75A79 /* Resources */ = {
			isa = PBXResourcesBuildPhase;
			buildActionMask = 2147483647;
			files = (
				BEE6272C2540651200F75A79 /* Preview Assets.xcassets in Resources */,
				BEE627292540651200F75A79 /* Assets.xcassets in Resources */,
			);
			runOnlyForDeploymentPostprocessing = 0;
		};
/* End PBXResourcesBuildPhase section */

/* Begin PBXSourcesBuildPhase section */
		BEE6271D2540651200F75A79 /* Sources */ = {
			isa = PBXSourcesBuildPhase;
			buildActionMask = 2147483647;
			files = (
				BEE627272540651200F75A79 /* ContentView.swift in Sources */,
				BEE6273C254077AF00F75A79 /* ModelData.swift in Sources */,
				BEE6273825406A1A00F75A79 /* Home.swift in Sources */,
				BEDA2E032542FA4100C35A32 /* CustomCorner.swift in Sources */,
				BE63C14B2541BFA800B94E10 /* DetailView.swift in Sources */,
				BEE6273F2540795D00F75A79 /* TabButton.swift in Sources */,
				BEE627252540651200F75A79 /* BagShopApp.swift in Sources */,
				BE63C1482541BAD900B94E10 /* BagView.swift in Sources */,
				BEDA2E002542F56400C35A32 /* ColorButton.swift in Sources */,
			);
			runOnlyForDeploymentPostprocessing = 0;
		};
/* End PBXSourcesBuildPhase section */

/* Begin XCBuildConfiguration section */
		BEE6272E2540651200F75A79 /* Debug */ = {
			isa = XCBuildConfiguration;
			buildSettings = {
				ALWAYS_SEARCH_USER_PATHS = NO;
				CLANG_ANALYZER_NONNULL = YES;
				CLANG_ANALYZER_NUMBER_OBJECT_CONVERSION = YES_AGGRESSIVE;
				CLANG_CXX_LANGUAGE_STANDARD = "gnu++14";
				CLANG_CXX_LIBRARY = "libc++";
				CLANG_ENABLE_MODULES = YES;
				CLANG_ENABLE_OBJC_ARC = YES;
				CLANG_ENABLE_OBJC_WEAK = YES;
				CLANG_WARN_BLOCK_CAPTURE_AUTORELEASING = YES;
				CLANG_WARN_BOOL_CONVERSION = YES;
				CLANG_WARN_COMMA = YES;
				CLANG_WARN_CONSTANT_CONVERSION = YES;
				CLANG_WARN_DEPRECATED_OBJC_IMPLEMENTATIONS = YES;
				CLANG_WARN_DIRECT_OBJC_ISA_USAGE = YES_ERROR;
				CLANG_WARN_DOCUMENTATION_COMMENTS = YES;
				CLANG_WARN_EMPTY_BODY = YES;
				CLANG_WARN_ENUM_CONVERSION = YES;
				CLANG_WARN_INFINITE_RECURSION = YES;
				CLANG_WARN_INT_CONVERSION = YES;
				CLANG_WARN_NON_LITERAL_NULL_CONVERSION = YES;
				CLANG_WARN_OBJC_IMPLICIT_RETAIN_SELF = YES;
				CLANG_WARN_OBJC_LITERAL_CONVERSION = YES;
				CLANG_WARN_OBJC_ROOT_CLASS = YES_ERROR;
				CLANG_WARN_QUOTED_INCLUDE_IN_FRAMEWORK_HEADER = YES;
				CLANG_WARN_RANGE_LOOP_ANALYSIS = YES;
				CLANG_WARN_STRICT_PROTOTYPES = YES;
				CLANG_WARN_SUSPICIOUS_MOVE = YES;
				CLANG_WARN_UNGUARDED_AVAILABILITY = YES_AGGRESSIVE;
				CLANG_WARN_UNREACHABLE_CODE = YES;
				CLANG_WARN__DUPLICATE_METHOD_MATCH = YES;
				COPY_PHASE_STRIP = NO;
				DEBUG_INFORMATION_FORMAT = dwarf;
				ENABLE_STRICT_OBJC_MSGSEND = YES;
				ENABLE_TESTABILITY = YES;
				GCC_C_LANGUAGE_STANDARD = gnu11;
				GCC_DYNAMIC_NO_PIC = NO;
				GCC_NO_COMMON_BLOCKS = YES;
				GCC_OPTIMIZATION_LEVEL = 0;
				GCC_PREPROCESSOR_DEFINITIONS = (
					"DEBUG=1",
					"$(inherited)",
				);
				GCC_WARN_64_TO_32_BIT_CONVERSION = YES;
				GCC_WARN_ABOUT_RETURN_TYPE = YES_ERROR;
				GCC_WARN_UNDECLARED_SELECTOR = YES;
				GCC_WARN_UNINITIALIZED_AUTOS = YES_AGGRESSIVE;
				GCC_WARN_UNUSED_FUNCTION = YES;
				GCC_WARN_UNUSED_VARIABLE = YES;
				IPHONEOS_DEPLOYMENT_TARGET = 14.0;
				MTL_ENABLE_DEBUG_INFO = INCLUDE_SOURCE;
				MTL_FAST_MATH = YES;
				ONLY_ACTIVE_ARCH = YES;
				SDKROOT = iphoneos;
				SWIFT_ACTIVE_COMPILATION_CONDITIONS = DEBUG;
				SWIFT_OPTIMIZATION_LEVEL = "-Onone";
			};
			name = Debug;
		};
		BEE6272F2540651200F75A79 /* Release */ = {
			isa = XCBuildConfiguration;
			buildSettings = {
				ALWAYS_SEARCH_USER_PATHS = NO;
				CLANG_ANALYZER_NONNULL = YES;
				CLANG_ANALYZER_NUMBER_OBJECT_CONVERSION = YES_AGGRESSIVE;
				CLANG_CXX_LANGUAGE_STANDARD = "gnu++14";
				CLANG_CXX_LIBRARY = "libc++";
				CLANG_ENABLE_MODULES = YES;
				CLANG_ENABLE_OBJC_ARC = YES;
				CLANG_ENABLE_OBJC_WEAK = YES;
				CLANG_WARN_BLOCK_CAPTURE_AUTORELEASING = YES;
				CLANG_WARN_BOOL_CONVERSION = YES;
				CLANG_WARN_COMMA = YES;
				CLANG_WARN_CONSTANT_CONVERSION = YES;
				CLANG_WARN_DEPRECATED_OBJC_IMPLEMENTATIONS = YES;
				CLANG_WARN_DIRECT_OBJC_ISA_USAGE = YES_ERROR;
				CLANG_WARN_DOCUMENTATION_COMMENTS = YES;
				CLANG_WARN_EMPTY_BODY = YES;
				CLANG_WARN_ENUM_CONVERSION = YES;
				CLANG_WARN_INFINITE_RECURSION = YES;
				CLANG_WARN_INT_CONVERSION = YES;
				CLANG_WARN_NON_LITERAL_NULL_CONVERSION = YES;
				CLANG_WARN_OBJC_IMPLICIT_RETAIN_SELF = YES;
				CLANG_WARN_OBJC_LITERAL_CONVERSION = YES;
				CLANG_WARN_OBJC_ROOT_CLASS = YES_ERROR;
				CLANG_WARN_QUOTED_INCLUDE_IN_FRAMEWORK_HEADER = YES;
				CLANG_WARN_RANGE_LOOP_ANALYSIS = YES;
				CLANG_WARN_STRICT_PROTOTYPES = YES;
				CLANG_WARN_SUSPICIOUS_MOVE = YES;
				CLANG_WARN_UNGUARDED_AVAILABILITY = YES_AGGRESSIVE;
				CLANG_WARN_UNREACHABLE_CODE = YES;
				CLANG_WARN__DUPLICATE_METHOD_MATCH = YES;
				COPY_PHASE_STRIP = NO;
				DEBUG_INFORMATION_FORMAT = "dwarf-with-dsym";
				ENABLE_NS_ASSERTIONS = NO;
				ENABLE_STRICT_OBJC_MSGSEND = YES;
				GCC_C_LANGUAGE_STANDARD = gnu11;
				GCC_NO_COMMON_BLOCKS = YES;
				GCC_WARN_64_TO_32_BIT_CONVERSION = YES;
				GCC_WARN_ABOUT_RETURN_TYPE = YES_ERROR;
				GCC_WARN_UNDECLARED_SELECTOR = YES;
				GCC_WARN_UNINITIALIZED_AUTOS = YES_AGGRESSIVE;
				GCC_WARN_UNUSED_FUNCTION = YES;
				GCC_WARN_UNUSED_VARIABLE = YES;
				IPHONEOS_DEPLOYMENT_TARGET = 14.0;
				MTL_ENABLE_DEBUG_INFO = NO;
				MTL_FAST_MATH = YES;
				SDKROOT = iphoneos;
				SWIFT_COMPILATION_MODE = wholemodule;
				SWIFT_OPTIMIZATION_LEVEL = "-O";
				VALIDATE_PRODUCT = YES;
			};
			name = Release;
		};
		BEE627312540651200F75A79 /* Debug */ = {
			isa = XCBuildConfiguration;
			buildSettings = {
				ASSETCATALOG_COMPILER_APPICON_NAME = AppIcon;
				ASSETCATALOG_COMPILER_GLOBAL_ACCENT_COLOR_NAME = AccentColor;
				CODE_SIGN_STYLE = Automatic;
				DEVELOPMENT_ASSET_PATHS = "\"BagShop/Preview Content\"";
				DEVELOPMENT_TEAM = 7Y2536B85X;
				ENABLE_PREVIEWS = YES;
				INFOPLIST_FILE = BagShop/Info.plist;
				IPHONEOS_DEPLOYMENT_TARGET = 14.0;
				LD_RUNPATH_SEARCH_PATHS = (
					"$(inherited)",
					"@executable_path/Frameworks",
				);
				PRODUCT_BUNDLE_IDENTIFIER = istomin.BagShop;
				PRODUCT_NAME = "$(TARGET_NAME)";
				SWIFT_VERSION = 5.0;
				TARGETED_DEVICE_FAMILY = "1,2";
			};
			name = Debug;
		};
		BEE627322540651200F75A79 /* Release */ = {
			isa = XCBuildConfiguration;
			buildSettings = {
				ASSETCATALOG_COMPILER_APPICON_NAME = AppIcon;
				ASSETCATALOG_COMPILER_GLOBAL_ACCENT_COLOR_NAME = AccentColor;
				CODE_SIGN_STYLE = Automatic;
				DEVELOPMENT_ASSET_PATHS = "\"BagShop/Preview Content\"";
				DEVELOPMENT_TEAM = 7Y2536B85X;
				ENABLE_PREVIEWS = YES;
				INFOPLIST_FILE = BagShop/Info.plist;
				IPHONEOS_DEPLOYMENT_TARGET = 14.0;
				LD_RUNPATH_SEARCH_PATHS = (
					"$(inherited)",
					"@executable_path/Frameworks",
				);
				PRODUCT_BUNDLE_IDENTIFIER = istomin.BagShop;
				PRODUCT_NAME = "$(TARGET_NAME)";
				SWIFT_VERSION = 5.0;
				TARGETED_DEVICE_FAMILY = "1,2";
			};
			name = Release;
		};
/* End XCBuildConfiguration section */

/* Begin XCConfigurationList section */
		BEE6271C2540651200F75A79 /* Build configuration list for PBXProject "BagShop" */ = {
			isa = XCConfigurationList;
			buildConfigurations = (
				BEE6272E2540651200F75A79 /* Debug */,
				BEE6272F2540651200F75A79 /* Release */,
			);
			defaultConfigurationIsVisible = 0;
			defaultConfigurationName = Release;
		};
		BEE627302540651200F75A79 /* Build configuration list for PBXNativeTarget "BagShop" */ = {
			isa = XCConfigurationList;
			buildConfigurations = (
				BEE627312540651200F75A79 /* Debug */,
				BEE627322540651200F75A79 /* Release */,
			);
			defaultConfigurationIsVisible = 0;
			defaultConfigurationName = Release;
		};
/* End XCConfigurationList section */
	};
	rootObject = BEE627192540651200F75A79 /* Project object */;
}
