// !$*UTF8*$!
{
	archiveVersion = 1;
	classes = {
	};
	objectVersion = 50;
	objects = {

/* Begin PBXBuildFile section */
		BE0DFEB0254AF04500B5D1B3 /* NikeShoeApp.swift in Sources */ = {isa = PBXBuildFile; fileRef = BE0DFEAF254AF04500B5D1B3 /* NikeShoeApp.swift */; };
		BE0DFEB2254AF04500B5D1B3 /* ContentView.swift in Sources */ = {isa = PBXBuildFile; fileRef = BE0DFEB1254AF04500B5D1B3 /* ContentView.swift */; };
		BE0DFEB4254AF04800B5D1B3 /* Assets.xcassets in Resources */ = {isa = PBXBuildFile; fileRef = BE0DFEB3254AF04800B5D1B3 /* Assets.xcassets */; };
		BE0DFEC4254AF17500B5D1B3 /* Home.swift in Sources */ = {isa = PBXBuildFile; fileRef = BE0DFEC3254AF17500B5D1B3 /* Home.swift */; };
		BE0DFEC9254AF7F200B5D1B3 /* MainView.swift in Sources */ = {isa = PBXBuildFile; fileRef = BE0DFEC8254AF7F200B5D1B3 /* MainView.swift */; };
		BE0DFECD254B04FF00B5D1B3 /* TopMenu.swift in Sources */ = {isa = PBXBuildFile; fileRef = BE0DFECC254B04FF00B5D1B3 /* TopMenu.swift */; };
/* End PBXBuildFile section */

/* Begin PBXFileReference section */
		BE0DFEAC254AF04500B5D1B3 /* NikeShoe.app */ = {isa = PBXFileReference; explicitFileType = wrapper.application; includeInIndex = 0; path = NikeShoe.app; sourceTree = BUILT_PRODUCTS_DIR; };
		BE0DFEAF254AF04500B5D1B3 /* NikeShoeApp.swift */ = {isa = PBXFileReference; lastKnownFileType = sourcecode.swift; path = NikeShoeApp.swift; sourceTree = "<group>"; };
		BE0DFEB1254AF04500B5D1B3 /* ContentView.swift */ = {isa = PBXFileReference; lastKnownFileType = sourcecode.swift; path = ContentView.swift; sourceTree = "<group>"; };
		BE0DFEB3254AF04800B5D1B3 /* Assets.xcassets */ = {isa = PBXFileReference; lastKnownFileType = folder.assetcatalog; path = Assets.xcassets; sourceTree = "<group>"; };
		BE0DFEB8254AF04800B5D1B3 /* Info.plist */ = {isa = PBXFileReference; lastKnownFileType = text.plist.xml; path = Info.plist; sourceTree = "<group>"; };
		BE0DFEC3254AF17500B5D1B3 /* Home.swift */ = {isa = PBXFileReference; lastKnownFileType = sourcecode.swift; path = Home.swift; sourceTree = "<group>"; };
		BE0DFEC8254AF7F200B5D1B3 /* MainView.swift */ = {isa = PBXFileReference; lastKnownFileType = sourcecode.swift; path = MainView.swift; sourceTree = "<group>"; };
		BE0DFECC254B04FF00B5D1B3 /* TopMenu.swift */ = {isa = PBXFileReference; lastKnownFileType = sourcecode.swift; path = TopMenu.swift; sourceTree = "<group>"; };
/* End PBXFileReference section */

/* Begin PBXFrameworksBuildPhase section */
		BE0DFEA9254AF04500B5D1B3 /* Frameworks */ = {
			isa = PBXFrameworksBuildPhase;
			buildActionMask = 2147483647;
			files = (
			);
			runOnlyForDeploymentPostprocessing = 0;
		};
/* End PBXFrameworksBuildPhase section */

/* Begin PBXGroup section */
		BE0DFEA3254AF04500B5D1B3 = {
			isa = PBXGroup;
			children = (
				BE0DFEAE254AF04500B5D1B3 /* NikeShoe */,
				BE0DFEAD254AF04500B5D1B3 /* Products */,
			);
			sourceTree = "<group>";
		};
		BE0DFEAD254AF04500B5D1B3 /* Products */ = {
			isa = PBXGroup;
			children = (
				BE0DFEAC254AF04500B5D1B3 /* NikeShoe.app */,
			);
			name = Products;
			sourceTree = "<group>";
		};
		BE0DFEAE254AF04500B5D1B3 /* NikeShoe */ = {
			isa = PBXGroup;
			children = (
				BE0DFEAF254AF04500B5D1B3 /* NikeShoeApp.swift */,
				BE0DFEB1254AF04500B5D1B3 /* ContentView.swift */,
				BE0DFECC254B04FF00B5D1B3 /* TopMenu.swift */,
				BE0DFEC3254AF17500B5D1B3 /* Home.swift */,
				BE0DFEC8254AF7F200B5D1B3 /* MainView.swift */,
				BE0DFEB3254AF04800B5D1B3 /* Assets.xcassets */,
				BE0DFEB8254AF04800B5D1B3 /* Info.plist */,
			);
			path = NikeShoe;
			sourceTree = "<group>";
		};
/* End PBXGroup section */

/* Begin PBXNativeTarget section */
		BE0DFEAB254AF04500B5D1B3 /* NikeShoe */ = {
			isa = PBXNativeTarget;
			buildConfigurationList = BE0DFEBB254AF04800B5D1B3 /* Build configuration list for PBXNativeTarget "NikeShoe" */;
			buildPhases = (
				BE0DFEA8254AF04500B5D1B3 /* Sources */,
				BE0DFEA9254AF04500B5D1B3 /* Frameworks */,
				BE0DFEAA254AF04500B5D1B3 /* Resources */,
			);
			buildRules = (
			);
			dependencies = (
			);
			name = NikeShoe;
			productName = NikeShoe;
			productReference = BE0DFEAC254AF04500B5D1B3 /* NikeShoe.app */;
			productType = "com.apple.product-type.application";
		};
/* End PBXNativeTarget section */

/* Begin PBXProject section */
		BE0DFEA4254AF04500B5D1B3 /* Project object */ = {
			isa = PBXProject;
			attributes = {
				LastSwiftUpdateCheck = 1210;
				LastUpgradeCheck = 1210;
				TargetAttributes = {
					BE0DFEAB254AF04500B5D1B3 = {
						CreatedOnToolsVersion = 12.1;
					};
				};
			};
			buildConfigurationList = BE0DFEA7254AF04500B5D1B3 /* Build configuration list for PBXProject "NikeShoe" */;
			compatibilityVersion = "Xcode 9.3";
			developmentRegion = en;
			hasScannedForEncodings = 0;
			knownRegions = (
				en,
				Base,
			);
			mainGroup = BE0DFEA3254AF04500B5D1B3;
			productRefGroup = BE0DFEAD254AF04500B5D1B3 /* Products */;
			projectDirPath = "";
			projectRoot = "";
			targets = (
				BE0DFEAB254AF04500B5D1B3 /* NikeShoe */,
			);
		};
/* End PBXProject section */

/* Begin PBXResourcesBuildPhase section */
		BE0DFEAA254AF04500B5D1B3 /* Resources */ = {
			isa = PBXResourcesBuildPhase;
			buildActionMask = 2147483647;
			files = (
				BE0DFEB4254AF04800B5D1B3 /* Assets.xcassets in Resources */,
			);
			runOnlyForDeploymentPostprocessing = 0;
		};
/* End PBXResourcesBuildPhase section */

/* Begin PBXSourcesBuildPhase section */
		BE0DFEA8254AF04500B5D1B3 /* Sources */ = {
			isa = PBXSourcesBuildPhase;
			buildActionMask = 2147483647;
			files = (
				BE0DFECD254B04FF00B5D1B3 /* TopMenu.swift in Sources */,
				BE0DFEB2254AF04500B5D1B3 /* ContentView.swift in Sources */,
				BE0DFEC9254AF7F200B5D1B3 /* MainView.swift in Sources */,
				BE0DFEC4254AF17500B5D1B3 /* Home.swift in Sources */,
				BE0DFEB0254AF04500B5D1B3 /* NikeShoeApp.swift in Sources */,
			);
			runOnlyForDeploymentPostprocessing = 0;
		};
/* End PBXSourcesBuildPhase section */

/* Begin XCBuildConfiguration section */
		BE0DFEB9254AF04800B5D1B3 /* Debug */ = {
			isa = XCBuildConfiguration;
			buildSettings = {
				ALWAYS_SEARCH_USER_PATHS = NO;
				CLANG_ANALYZER_NONNULL = YES;
				CLANG_ANALYZER_NUMBER_OBJECT_CONVERSION = YES_AGGRESSIVE;
				CLANG_CXX_LANGUAGE_STANDARD = "gnu++14";
				CLANG_CXX_LIBRARY = "libc++";
				CLANG_ENABLE_MODULES = YES;
				CLANG_ENABLE_OBJC_ARC = YES;
				CLANG_ENABLE_OBJC_WEAK = YES;
				CLANG_WARN_BLOCK_CAPTURE_AUTORELEASING = YES;
				CLANG_WARN_BOOL_CONVERSION = YES;
				CLANG_WARN_COMMA = YES;
				CLANG_WARN_CONSTANT_CONVERSION = YES;
				CLANG_WARN_DEPRECATED_OBJC_IMPLEMENTATIONS = YES;
				CLANG_WARN_DIRECT_OBJC_ISA_USAGE = YES_ERROR;
				CLANG_WARN_DOCUMENTATION_COMMENTS = YES;
				CLANG_WARN_EMPTY_BODY = YES;
				CLANG_WARN_ENUM_CONVERSION = YES;
				CLANG_WARN_INFINITE_RECURSION = YES;
				CLANG_WARN_INT_CONVERSION = YES;
				CLANG_WARN_NON_LITERAL_NULL_CONVERSION = YES;
				CLANG_WARN_OBJC_IMPLICIT_RETAIN_SELF = YES;
				CLANG_WARN_OBJC_LITERAL_CONVERSION = YES;
				CLANG_WARN_OBJC_ROOT_CLASS = YES_ERROR;
				CLANG_WARN_QUOTED_INCLUDE_IN_FRAMEWORK_HEADER = YES;
				CLANG_WARN_RANGE_LOOP_ANALYSIS = YES;
				CLANG_WARN_STRICT_PROTOTYPES = YES;
				CLANG_WARN_SUSPICIOUS_MOVE = YES;
				CLANG_WARN_UNGUARDED_AVAILABILITY = YES_AGGRESSIVE;
				CLANG_WARN_UNREACHABLE_CODE = YES;
				CLANG_WARN__DUPLICATE_METHOD_MATCH = YES;
				COPY_PHASE_STRIP = NO;
				DEBUG_INFORMATION_FORMAT = dwarf;
				ENABLE_STRICT_OBJC_MSGSEND = YES;
				ENABLE_TESTABILITY = YES;
				GCC_C_LANGUAGE_STANDARD = gnu11;
				GCC_DYNAMIC_NO_PIC = NO;
				GCC_NO_COMMON_BLOCKS = YES;
				GCC_OPTIMIZATION_LEVEL = 0;
				GCC_PREPROCESSOR_DEFINITIONS = (
					"DEBUG=1",
					"$(inherited)",
				);
				GCC_WARN_64_TO_32_BIT_CONVERSION = YES;
				GCC_WARN_ABOUT_RETURN_TYPE = YES_ERROR;
				GCC_WARN_UNDECLARED_SELECTOR = YES;
				GCC_WARN_UNINITIALIZED_AUTOS = YES_AGGRESSIVE;
				GCC_WARN_UNUSED_FUNCTION = YES;
				GCC_WARN_UNUSED_VARIABLE = YES;
				IPHONEOS_DEPLOYMENT_TARGET = 14.1;
				MTL_ENABLE_DEBUG_INFO = INCLUDE_SOURCE;
				MTL_FAST_MATH = YES;
				ONLY_ACTIVE_ARCH = YES;
				SDKROOT = iphoneos;
				SWIFT_ACTIVE_COMPILATION_CONDITIONS = DEBUG;
				SWIFT_OPTIMIZATION_LEVEL = "-Onone";
			};
			name = Debug;
		};
		BE0DFEBA254AF04800B5D1B3 /* Release */ = {
			isa = XCBuildConfiguration;
			buildSettings = {
				ALWAYS_SEARCH_USER_PATHS = NO;
				CLANG_ANALYZER_NONNULL = YES;
				CLANG_ANALYZER_NUMBER_OBJECT_CONVERSION = YES_AGGRESSIVE;
				CLANG_CXX_LANGUAGE_STANDARD = "gnu++14";
				CLANG_CXX_LIBRARY = "libc++";
				CLANG_ENABLE_MODULES = YES;
				CLANG_ENABLE_OBJC_ARC = YES;
				CLANG_ENABLE_OBJC_WEAK = YES;
				CLANG_WARN_BLOCK_CAPTURE_AUTORELEASING = YES;
				CLANG_WARN_BOOL_CONVERSION = YES;
				CLANG_WARN_COMMA = YES;
				CLANG_WARN_CONSTANT_CONVERSION = YES;
				CLANG_WARN_DEPRECATED_OBJC_IMPLEMENTATIONS = YES;
				CLANG_WARN_DIRECT_OBJC_ISA_USAGE = YES_ERROR;
				CLANG_WARN_DOCUMENTATION_COMMENTS = YES;
				CLANG_WARN_EMPTY_BODY = YES;
				CLANG_WARN_ENUM_CONVERSION = YES;
				CLANG_WARN_INFINITE_RECURSION = YES;
				CLANG_WARN_INT_CONVERSION = YES;
				CLANG_WARN_NON_LITERAL_NULL_CONVERSION = YES;
				CLANG_WARN_OBJC_IMPLICIT_RETAIN_SELF = YES;
				CLANG_WARN_OBJC_LITERAL_CONVERSION = YES;
				CLANG_WARN_OBJC_ROOT_CLASS = YES_ERROR;
				CLANG_WARN_QUOTED_INCLUDE_IN_FRAMEWORK_HEADER = YES;
				CLANG_WARN_RANGE_LOOP_ANALYSIS = YES;
				CLANG_WARN_STRICT_PROTOTYPES = YES;
				CLANG_WARN_SUSPICIOUS_MOVE = YES;
				CLANG_WARN_UNGUARDED_AVAILABILITY = YES_AGGRESSIVE;
				CLANG_WARN_UNREACHABLE_CODE = YES;
				CLANG_WARN__DUPLICATE_METHOD_MATCH = YES;
				COPY_PHASE_STRIP = NO;
				DEBUG_INFORMATION_FORMAT = "dwarf-with-dsym";
				ENABLE_NS_ASSERTIONS = NO;
				ENABLE_STRICT_OBJC_MSGSEND = YES;
				GCC_C_LANGUAGE_STANDARD = gnu11;
				GCC_NO_COMMON_BLOCKS = YES;
				GCC_WARN_64_TO_32_BIT_CONVERSION = YES;
				GCC_WARN_ABOUT_RETURN_TYPE = YES_ERROR;
				GCC_WARN_UNDECLARED_SELECTOR = YES;
				GCC_WARN_UNINITIALIZED_AUTOS = YES_AGGRESSIVE;
				GCC_WARN_UNUSED_FUNCTION = YES;
				GCC_WARN_UNUSED_VARIABLE = YES;
				IPHONEOS_DEPLOYMENT_TARGET = 14.1;
				MTL_ENABLE_DEBUG_INFO = NO;
				MTL_FAST_MATH = YES;
				SDKROOT = iphoneos;
				SWIFT_COMPILATION_MODE = wholemodule;
				SWIFT_OPTIMIZATION_LEVEL = "-O";
				VALIDATE_PRODUCT = YES;
			};
			name = Release;
		};
		BE0DFEBC254AF04800B5D1B3 /* Debug */ = {
			isa = XCBuildConfiguration;
			buildSettings = {
				ASSETCATALOG_COMPILER_APPICON_NAME = AppIcon;
				ASSETCATALOG_COMPILER_GLOBAL_ACCENT_COLOR_NAME = AccentColor;
				CODE_SIGN_STYLE = Automatic;
				DEVELOPMENT_ASSET_PATHS = "\"NikeShoe/Preview Content\"";
				DEVELOPMENT_TEAM = 7Y2536B85X;
				ENABLE_PREVIEWS = YES;
				INFOPLIST_FILE = NikeShoe/Info.plist;
				IPHONEOS_DEPLOYMENT_TARGET = 14.0;
				LD_RUNPATH_SEARCH_PATHS = (
					"$(inherited)",
					"@executable_path/Frameworks",
				);
				PRODUCT_BUNDLE_IDENTIFIER = istomin.NikeShoe;
				PRODUCT_NAME = "$(TARGET_NAME)";
				SWIFT_VERSION = 5.0;
				TARGETED_DEVICE_FAMILY = "1,2";
			};
			name = Debug;
		};
		BE0DFEBD254AF04800B5D1B3 /* Release */ = {
			isa = XCBuildConfiguration;
			buildSettings = {
				ASSETCATALOG_COMPILER_APPICON_NAME = AppIcon;
				ASSETCATALOG_COMPILER_GLOBAL_ACCENT_COLOR_NAME = AccentColor;
				CODE_SIGN_STYLE = Automatic;
				DEVELOPMENT_ASSET_PATHS = "\"NikeShoe/Preview Content\"";
				DEVELOPMENT_TEAM = 7Y2536B85X;
				ENABLE_PREVIEWS = YES;
				INFOPLIST_FILE = NikeShoe/Info.plist;
				IPHONEOS_DEPLOYMENT_TARGET = 14.0;
				LD_RUNPATH_SEARCH_PATHS = (
					"$(inherited)",
					"@executable_path/Frameworks",
				);
				PRODUCT_BUNDLE_IDENTIFIER = istomin.NikeShoe;
				PRODUCT_NAME = "$(TARGET_NAME)";
				SWIFT_VERSION = 5.0;
				TARGETED_DEVICE_FAMILY = "1,2";
			};
			name = Release;
		};
/* End XCBuildConfiguration section */

/* Begin XCConfigurationList section */
		BE0DFEA7254AF04500B5D1B3 /* Build configuration list for PBXProject "NikeShoe" */ = {
			isa = XCConfigurationList;
			buildConfigurations = (
				BE0DFEB9254AF04800B5D1B3 /* Debug */,
				BE0DFEBA254AF04800B5D1B3 /* Release */,
			);
			defaultConfigurationIsVisible = 0;
			defaultConfigurationName = Release;
		};
		BE0DFEBB254AF04800B5D1B3 /* Build configuration list for PBXNativeTarget "NikeShoe" */ = {
			isa = XCConfigurationList;
			buildConfigurations = (
				BE0DFEBC254AF04800B5D1B3 /* Debug */,
				BE0DFEBD254AF04800B5D1B3 /* Release */,
			);
			defaultConfigurationIsVisible = 0;
			defaultConfigurationName = Release;
		};
/* End XCConfigurationList section */
	};
	rootObject = BE0DFEA4254AF04500B5D1B3 /* Project object */;
}
