// !$*UTF8*$!
{
	archiveVersion = 1;
	classes = {
	};
	objectVersion = 50;
	objects = {

/* Begin PBXBuildFile section */
		BEC0E60623D9B9B40030A71E /* AppDelegate.swift in Sources */ = {isa = PBXBuildFile; fileRef = BEC0E60523D9B9B40030A71E /* AppDelegate.swift */; };
		BEC0E60823D9B9B40030A71E /* SceneDelegate.swift in Sources */ = {isa = PBXBuildFile; fileRef = BEC0E60723D9B9B40030A71E /* SceneDelegate.swift */; };
		BEC0E60A23D9B9B40030A71E /* ContentView.swift in Sources */ = {isa = PBXBuildFile; fileRef = BEC0E60923D9B9B40030A71E /* ContentView.swift */; };
		BEC0E60C23D9B9B80030A71E /* Assets.xcassets in Resources */ = {isa = PBXBuildFile; fileRef = BEC0E60B23D9B9B80030A71E /* Assets.xcassets */; };
		BEC0E60F23D9B9B80030A71E /* Preview Assets.xcassets in Resources */ = {isa = PBXBuildFile; fileRef = BEC0E60E23D9B9B80030A71E /* Preview Assets.xcassets */; };
		BEC0E61223D9B9B80030A71E /* LaunchScreen.storyboard in Resources */ = {isa = PBXBuildFile; fileRef = BEC0E61023D9B9B80030A71E /* LaunchScreen.storyboard */; };
/* End PBXBuildFile section */

/* Begin PBXFileReference section */
		BEC0E60223D9B9B40030A71E /* Finance App.app */ = {isa = PBXFileReference; explicitFileType = wrapper.application; includeInIndex = 0; path = "Finance App.app"; sourceTree = BUILT_PRODUCTS_DIR; };
		BEC0E60523D9B9B40030A71E /* AppDelegate.swift */ = {isa = PBXFileReference; lastKnownFileType = sourcecode.swift; path = AppDelegate.swift; sourceTree = "<group>"; };
		BEC0E60723D9B9B40030A71E /* SceneDelegate.swift */ = {isa = PBXFileReference; lastKnownFileType = sourcecode.swift; path = SceneDelegate.swift; sourceTree = "<group>"; };
		BEC0E60923D9B9B40030A71E /* ContentView.swift */ = {isa = PBXFileReference; lastKnownFileType = sourcecode.swift; path = ContentView.swift; sourceTree = "<group>"; };
		BEC0E60B23D9B9B80030A71E /* Assets.xcassets */ = {isa = PBXFileReference; lastKnownFileType = folder.assetcatalog; path = Assets.xcassets; sourceTree = "<group>"; };
		BEC0E60E23D9B9B80030A71E /* Preview Assets.xcassets */ = {isa = PBXFileReference; lastKnownFileType = folder.assetcatalog; path = "Preview Assets.xcassets"; sourceTree = "<group>"; };
		BEC0E61123D9B9B80030A71E /* Base */ = {isa = PBXFileReference; lastKnownFileType = file.storyboard; name = Base; path = Base.lproj/LaunchScreen.storyboard; sourceTree = "<group>"; };
		BEC0E61323D9B9B80030A71E /* Info.plist */ = {isa = PBXFileReference; lastKnownFileType = text.plist.xml; path = Info.plist; sourceTree = "<group>"; };
/* End PBXFileReference section */

/* Begin PBXFrameworksBuildPhase section */
		BEC0E5FF23D9B9B40030A71E /* Frameworks */ = {
			isa = PBXFrameworksBuildPhase;
			buildActionMask = 2147483647;
			files = (
			);
			runOnlyForDeploymentPostprocessing = 0;
		};
/* End PBXFrameworksBuildPhase section */

/* Begin PBXGroup section */
		BEC0E5F923D9B9B40030A71E = {
			isa = PBXGroup;
			children = (
				BEC0E60423D9B9B40030A71E /* Finance App */,
				BEC0E60323D9B9B40030A71E /* Products */,
			);
			sourceTree = "<group>";
		};
		BEC0E60323D9B9B40030A71E /* Products */ = {
			isa = PBXGroup;
			children = (
				BEC0E60223D9B9B40030A71E /* Finance App.app */,
			);
			name = Products;
			sourceTree = "<group>";
		};
		BEC0E60423D9B9B40030A71E /* Finance App */ = {
			isa = PBXGroup;
			children = (
				BEC0E60523D9B9B40030A71E /* AppDelegate.swift */,
				BEC0E60723D9B9B40030A71E /* SceneDelegate.swift */,
				BEC0E60923D9B9B40030A71E /* ContentView.swift */,
				BEC0E60B23D9B9B80030A71E /* Assets.xcassets */,
				BEC0E61023D9B9B80030A71E /* LaunchScreen.storyboard */,
				BEC0E61323D9B9B80030A71E /* Info.plist */,
				BEC0E60D23D9B9B80030A71E /* Preview Content */,
			);
			path = "Finance App";
			sourceTree = "<group>";
		};
		BEC0E60D23D9B9B80030A71E /* Preview Content */ = {
			isa = PBXGroup;
			children = (
				BEC0E60E23D9B9B80030A71E /* Preview Assets.xcassets */,
			);
			path = "Preview Content";
			sourceTree = "<group>";
		};
/* End PBXGroup section */

/* Begin PBXNativeTarget section */
		BEC0E60123D9B9B40030A71E /* Finance App */ = {
			isa = PBXNativeTarget;
			buildConfigurationList = BEC0E61623D9B9B80030A71E /* Build configuration list for PBXNativeTarget "Finance App" */;
			buildPhases = (
				BEC0E5FE23D9B9B40030A71E /* Sources */,
				BEC0E5FF23D9B9B40030A71E /* Frameworks */,
				BEC0E60023D9B9B40030A71E /* Resources */,
			);
			buildRules = (
			);
			dependencies = (
			);
			name = "Finance App";
			productName = "Finance App";
			productReference = BEC0E60223D9B9B40030A71E /* Finance App.app */;
			productType = "com.apple.product-type.application";
		};
/* End PBXNativeTarget section */

/* Begin PBXProject section */
		BEC0E5FA23D9B9B40030A71E /* Project object */ = {
			isa = PBXProject;
			attributes = {
				LastSwiftUpdateCheck = 1130;
				LastUpgradeCheck = 1130;
				ORGANIZATIONNAME = "Александр Истомин";
				TargetAttributes = {
					BEC0E60123D9B9B40030A71E = {
						CreatedOnToolsVersion = 11.3.1;
					};
				};
			};
			buildConfigurationList = BEC0E5FD23D9B9B40030A71E /* Build configuration list for PBXProject "Finance App" */;
			compatibilityVersion = "Xcode 9.3";
			developmentRegion = en;
			hasScannedForEncodings = 0;
			knownRegions = (
				en,
				Base,
			);
			mainGroup = BEC0E5F923D9B9B40030A71E;
			productRefGroup = BEC0E60323D9B9B40030A71E /* Products */;
			projectDirPath = "";
			projectRoot = "";
			targets = (
				BEC0E60123D9B9B40030A71E /* Finance App */,
			);
		};
/* End PBXProject section */

/* Begin PBXResourcesBuildPhase section */
		BEC0E60023D9B9B40030A71E /* Resources */ = {
			isa = PBXResourcesBuildPhase;
			buildActionMask = 2147483647;
			files = (
				BEC0E61223D9B9B80030A71E /* LaunchScreen.storyboard in Resources */,
				BEC0E60F23D9B9B80030A71E /* Preview Assets.xcassets in Resources */,
				BEC0E60C23D9B9B80030A71E /* Assets.xcassets in Resources */,
			);
			runOnlyForDeploymentPostprocessing = 0;
		};
/* End PBXResourcesBuildPhase section */

/* Begin PBXSourcesBuildPhase section */
		BEC0E5FE23D9B9B40030A71E /* Sources */ = {
			isa = PBXSourcesBuildPhase;
			buildActionMask = 2147483647;
			files = (
				BEC0E60623D9B9B40030A71E /* AppDelegate.swift in Sources */,
				BEC0E60823D9B9B40030A71E /* SceneDelegate.swift in Sources */,
				BEC0E60A23D9B9B40030A71E /* ContentView.swift in Sources */,
			);
			runOnlyForDeploymentPostprocessing = 0;
		};
/* End PBXSourcesBuildPhase section */

/* Begin PBXVariantGroup section */
		BEC0E61023D9B9B80030A71E /* LaunchScreen.storyboard */ = {
			isa = PBXVariantGroup;
			children = (
				BEC0E61123D9B9B80030A71E /* Base */,
			);
			name = LaunchScreen.storyboard;
			sourceTree = "<group>";
		};
/* End PBXVariantGroup section */

/* Begin XCBuildConfiguration section */
		BEC0E61423D9B9B80030A71E /* Debug */ = {
			isa = XCBuildConfiguration;
			buildSettings = {
				ALWAYS_SEARCH_USER_PATHS = NO;
				CLANG_ANALYZER_NONNULL = YES;
				CLANG_ANALYZER_NUMBER_OBJECT_CONVERSION = YES_AGGRESSIVE;
				CLANG_CXX_LANGUAGE_STANDARD = "gnu++14";
				CLANG_CXX_LIBRARY = "libc++";
				CLANG_ENABLE_MODULES = YES;
				CLANG_ENABLE_OBJC_ARC = YES;
				CLANG_ENABLE_OBJC_WEAK = YES;
				CLANG_WARN_BLOCK_CAPTURE_AUTORELEASING = YES;
				CLANG_WARN_BOOL_CONVERSION = YES;
				CLANG_WARN_COMMA = YES;
				CLANG_WARN_CONSTANT_CONVERSION = YES;
				CLANG_WARN_DEPRECATED_OBJC_IMPLEMENTATIONS = YES;
				CLANG_WARN_DIRECT_OBJC_ISA_USAGE = YES_ERROR;
				CLANG_WARN_DOCUMENTATION_COMMENTS = YES;
				CLANG_WARN_EMPTY_BODY = YES;
				CLANG_WARN_ENUM_CONVERSION = YES;
				CLANG_WARN_INFINITE_RECURSION = YES;
				CLANG_WARN_INT_CONVERSION = YES;
				CLANG_WARN_NON_LITERAL_NULL_CONVERSION = YES;
				CLANG_WARN_OBJC_IMPLICIT_RETAIN_SELF = YES;
				CLANG_WARN_OBJC_LITERAL_CONVERSION = YES;
				CLANG_WARN_OBJC_ROOT_CLASS = YES_ERROR;
				CLANG_WARN_RANGE_LOOP_ANALYSIS = YES;
				CLANG_WARN_STRICT_PROTOTYPES = YES;
				CLANG_WARN_SUSPICIOUS_MOVE = YES;
				CLANG_WARN_UNGUARDED_AVAILABILITY = YES_AGGRESSIVE;
				CLANG_WARN_UNREACHABLE_CODE = YES;
				CLANG_WARN__DUPLICATE_METHOD_MATCH = YES;
				COPY_PHASE_STRIP = NO;
				DEBUG_INFORMATION_FORMAT = dwarf;
				ENABLE_STRICT_OBJC_MSGSEND = YES;
				ENABLE_TESTABILITY = YES;
				GCC_C_LANGUAGE_STANDARD = gnu11;
				GCC_DYNAMIC_NO_PIC = NO;
				GCC_NO_COMMON_BLOCKS = YES;
				GCC_OPTIMIZATION_LEVEL = 0;
				GCC_PREPROCESSOR_DEFINITIONS = (
					"DEBUG=1",
					"$(inherited)",
				);
				GCC_WARN_64_TO_32_BIT_CONVERSION = YES;
				GCC_WARN_ABOUT_RETURN_TYPE = YES_ERROR;
				GCC_WARN_UNDECLARED_SELECTOR = YES;
				GCC_WARN_UNINITIALIZED_AUTOS = YES_AGGRESSIVE;
				GCC_WARN_UNUSED_FUNCTION = YES;
				GCC_WARN_UNUSED_VARIABLE = YES;
				IPHONEOS_DEPLOYMENT_TARGET = 13.2;
				MTL_ENABLE_DEBUG_INFO = INCLUDE_SOURCE;
				MTL_FAST_MATH = YES;
				ONLY_ACTIVE_ARCH = YES;
				SDKROOT = iphoneos;
				SWIFT_ACTIVE_COMPILATION_CONDITIONS = DEBUG;
				SWIFT_OPTIMIZATION_LEVEL = "-Onone";
			};
			name = Debug;
		};
		BEC0E61523D9B9B80030A71E /* Release */ = {
			isa = XCBuildConfiguration;
			buildSettings = {
				ALWAYS_SEARCH_USER_PATHS = NO;
				CLANG_ANALYZER_NONNULL = YES;
				CLANG_ANALYZER_NUMBER_OBJECT_CONVERSION = YES_AGGRESSIVE;
				CLANG_CXX_LANGUAGE_STANDARD = "gnu++14";
				CLANG_CXX_LIBRARY = "libc++";
				CLANG_ENABLE_MODULES = YES;
				CLANG_ENABLE_OBJC_ARC = YES;
				CLANG_ENABLE_OBJC_WEAK = YES;
				CLANG_WARN_BLOCK_CAPTURE_AUTORELEASING = YES;
				CLANG_WARN_BOOL_CONVERSION = YES;
				CLANG_WARN_COMMA = YES;
				CLANG_WARN_CONSTANT_CONVERSION = YES;
				CLANG_WARN_DEPRECATED_OBJC_IMPLEMENTATIONS = YES;
				CLANG_WARN_DIRECT_OBJC_ISA_USAGE = YES_ERROR;
				CLANG_WARN_DOCUMENTATION_COMMENTS = YES;
				CLANG_WARN_EMPTY_BODY = YES;
				CLANG_WARN_ENUM_CONVERSION = YES;
				CLANG_WARN_INFINITE_RECURSION = YES;
				CLANG_WARN_INT_CONVERSION = YES;
				CLANG_WARN_NON_LITERAL_NULL_CONVERSION = YES;
				CLANG_WARN_OBJC_IMPLICIT_RETAIN_SELF = YES;
				CLANG_WARN_OBJC_LITERAL_CONVERSION = YES;
				CLANG_WARN_OBJC_ROOT_CLASS = YES_ERROR;
				CLANG_WARN_RANGE_LOOP_ANALYSIS = YES;
				CLANG_WARN_STRICT_PROTOTYPES = YES;
				CLANG_WARN_SUSPICIOUS_MOVE = YES;
				CLANG_WARN_UNGUARDED_AVAILABILITY = YES_AGGRESSIVE;
				CLANG_WARN_UNREACHABLE_CODE = YES;
				CLANG_WARN__DUPLICATE_METHOD_MATCH = YES;
				COPY_PHASE_STRIP = NO;
				DEBUG_INFORMATION_FORMAT = "dwarf-with-dsym";
				ENABLE_NS_ASSERTIONS = NO;
				ENABLE_STRICT_OBJC_MSGSEND = YES;
				GCC_C_LANGUAGE_STANDARD = gnu11;
				GCC_NO_COMMON_BLOCKS = YES;
				GCC_WARN_64_TO_32_BIT_CONVERSION = YES;
				GCC_WARN_ABOUT_RETURN_TYPE = YES_ERROR;
				GCC_WARN_UNDECLARED_SELECTOR = YES;
				GCC_WARN_UNINITIALIZED_AUTOS = YES_AGGRESSIVE;
				GCC_WARN_UNUSED_FUNCTION = YES;
				GCC_WARN_UNUSED_VARIABLE = YES;
				IPHONEOS_DEPLOYMENT_TARGET = 13.2;
				MTL_ENABLE_DEBUG_INFO = NO;
				MTL_FAST_MATH = YES;
				SDKROOT = iphoneos;
				SWIFT_COMPILATION_MODE = wholemodule;
				SWIFT_OPTIMIZATION_LEVEL = "-O";
				VALIDATE_PRODUCT = YES;
			};
			name = Release;
		};
		BEC0E61723D9B9B80030A71E /* Debug */ = {
			isa = XCBuildConfiguration;
			buildSettings = {
				ASSETCATALOG_COMPILER_APPICON_NAME = AppIcon;
				CODE_SIGN_STYLE = Automatic;
				DEVELOPMENT_ASSET_PATHS = "\"Finance App/Preview Content\"";
				DEVELOPMENT_TEAM = 7Y2536B85X;
				ENABLE_PREVIEWS = YES;
				INFOPLIST_FILE = "Finance App/Info.plist";
				LD_RUNPATH_SEARCH_PATHS = (
					"$(inherited)",
					"@executable_path/Frameworks",
				);
				PRODUCT_BUNDLE_IDENTIFIER = "istomin.Finance-App";
				PRODUCT_NAME = "$(TARGET_NAME)";
				SWIFT_VERSION = 5.0;
				TARGETED_DEVICE_FAMILY = "1,2";
			};
			name = Debug;
		};
		BEC0E61823D9B9B80030A71E /* Release */ = {
			isa = XCBuildConfiguration;
			buildSettings = {
				ASSETCATALOG_COMPILER_APPICON_NAME = AppIcon;
				CODE_SIGN_STYLE = Automatic;
				DEVELOPMENT_ASSET_PATHS = "\"Finance App/Preview Content\"";
				DEVELOPMENT_TEAM = 7Y2536B85X;
				ENABLE_PREVIEWS = YES;
				INFOPLIST_FILE = "Finance App/Info.plist";
				LD_RUNPATH_SEARCH_PATHS = (
					"$(inherited)",
					"@executable_path/Frameworks",
				);
				PRODUCT_BUNDLE_IDENTIFIER = "istomin.Finance-App";
				PRODUCT_NAME = "$(TARGET_NAME)";
				SWIFT_VERSION = 5.0;
				TARGETED_DEVICE_FAMILY = "1,2";
			};
			name = Release;
		};
/* End XCBuildConfiguration section */

/* Begin XCConfigurationList section */
		BEC0E5FD23D9B9B40030A71E /* Build configuration list for PBXProject "Finance App" */ = {
			isa = XCConfigurationList;
			buildConfigurations = (
				BEC0E61423D9B9B80030A71E /* Debug */,
				BEC0E61523D9B9B80030A71E /* Release */,
			);
			defaultConfigurationIsVisible = 0;
			defaultConfigurationName = Release;
		};
		BEC0E61623D9B9B80030A71E /* Build configuration list for PBXNativeTarget "Finance App" */ = {
			isa = XCConfigurationList;
			buildConfigurations = (
				BEC0E61723D9B9B80030A71E /* Debug */,
				BEC0E61823D9B9B80030A71E /* Release */,
			);
			defaultConfigurationIsVisible = 0;
			defaultConfigurationName = Release;
		};
/* End XCConfigurationList section */
	};
	rootObject = BEC0E5FA23D9B9B40030A71E /* Project object */;
}
