// !$*UTF8*$!
{
	archiveVersion = 1;
	classes = {
	};
	objectVersion = 50;
	objects = {

/* Begin PBXBuildFile section */
		BE8316792537168700A982EF /* HeaderView.swift in Sources */ = {isa = PBXBuildFile; fileRef = BE8316782537168700A982EF /* HeaderView.swift */; };
		BE90A21225370E1000B2EF6B /* Shoes_RetailApp.swift in Sources */ = {isa = PBXBuildFile; fileRef = BE90A21125370E1000B2EF6B /* Shoes_RetailApp.swift */; };
		BE90A21425370E1000B2EF6B /* ContentView.swift in Sources */ = {isa = PBXBuildFile; fileRef = BE90A21325370E1000B2EF6B /* ContentView.swift */; };
		BE90A21625370E1300B2EF6B /* Assets.xcassets in Resources */ = {isa = PBXBuildFile; fileRef = BE90A21525370E1300B2EF6B /* Assets.xcassets */; };
		BE90A21925370E1300B2EF6B /* Preview Assets.xcassets in Resources */ = {isa = PBXBuildFile; fileRef = BE90A21825370E1300B2EF6B /* Preview Assets.xcassets */; };
		BE90A222253711E300B2EF6B /* SearchTextFieldView.swift in Sources */ = {isa = PBXBuildFile; fileRef = BE90A221253711E300B2EF6B /* SearchTextFieldView.swift */; };
		BE9C1D742537192D002A8051 /* CattegoriesButtonView.swift in Sources */ = {isa = PBXBuildFile; fileRef = BE9C1D732537192D002A8051 /* CattegoriesButtonView.swift */; };
		BE9C1D7725371B3C002A8051 /* GridCellView.swift in Sources */ = {isa = PBXBuildFile; fileRef = BE9C1D7625371B3C002A8051 /* GridCellView.swift */; };
		BEFF647B2537203100BEABA4 /* GridView.swift in Sources */ = {isa = PBXBuildFile; fileRef = BEFF647A2537203100BEABA4 /* GridView.swift */; };
		BEFF647E2537222600BEABA4 /* CategoriesView.swift in Sources */ = {isa = PBXBuildFile; fileRef = BEFF647D2537222600BEABA4 /* CategoriesView.swift */; };
		BEFF64812537242A00BEABA4 /* NavigationBarItemView.swift in Sources */ = {isa = PBXBuildFile; fileRef = BEFF64802537242A00BEABA4 /* NavigationBarItemView.swift */; };
/* End PBXBuildFile section */

/* Begin PBXFileReference section */
		BE8316782537168700A982EF /* HeaderView.swift */ = {isa = PBXFileReference; lastKnownFileType = sourcecode.swift; path = HeaderView.swift; sourceTree = "<group>"; };
		BE90A20E25370E1000B2EF6B /* Shoes Retail.app */ = {isa = PBXFileReference; explicitFileType = wrapper.application; includeInIndex = 0; path = "Shoes Retail.app"; sourceTree = BUILT_PRODUCTS_DIR; };
		BE90A21125370E1000B2EF6B /* Shoes_RetailApp.swift */ = {isa = PBXFileReference; lastKnownFileType = sourcecode.swift; path = Shoes_RetailApp.swift; sourceTree = "<group>"; };
		BE90A21325370E1000B2EF6B /* ContentView.swift */ = {isa = PBXFileReference; lastKnownFileType = sourcecode.swift; path = ContentView.swift; sourceTree = "<group>"; };
		BE90A21525370E1300B2EF6B /* Assets.xcassets */ = {isa = PBXFileReference; lastKnownFileType = folder.assetcatalog; path = Assets.xcassets; sourceTree = "<group>"; };
		BE90A21825370E1300B2EF6B /* Preview Assets.xcassets */ = {isa = PBXFileReference; lastKnownFileType = folder.assetcatalog; path = "Preview Assets.xcassets"; sourceTree = "<group>"; };
		BE90A21A25370E1300B2EF6B /* Info.plist */ = {isa = PBXFileReference; lastKnownFileType = text.plist.xml; path = Info.plist; sourceTree = "<group>"; };
		BE90A221253711E300B2EF6B /* SearchTextFieldView.swift */ = {isa = PBXFileReference; lastKnownFileType = sourcecode.swift; path = SearchTextFieldView.swift; sourceTree = "<group>"; };
		BE9C1D732537192D002A8051 /* CattegoriesButtonView.swift */ = {isa = PBXFileReference; lastKnownFileType = sourcecode.swift; path = CattegoriesButtonView.swift; sourceTree = "<group>"; };
		BE9C1D7625371B3C002A8051 /* GridCellView.swift */ = {isa = PBXFileReference; lastKnownFileType = sourcecode.swift; path = GridCellView.swift; sourceTree = "<group>"; };
		BEFF647A2537203100BEABA4 /* GridView.swift */ = {isa = PBXFileReference; lastKnownFileType = sourcecode.swift; path = GridView.swift; sourceTree = "<group>"; };
		BEFF647D2537222600BEABA4 /* CategoriesView.swift */ = {isa = PBXFileReference; lastKnownFileType = sourcecode.swift; path = CategoriesView.swift; sourceTree = "<group>"; };
		BEFF64802537242A00BEABA4 /* NavigationBarItemView.swift */ = {isa = PBXFileReference; lastKnownFileType = sourcecode.swift; path = NavigationBarItemView.swift; sourceTree = "<group>"; };
/* End PBXFileReference section */

/* Begin PBXFrameworksBuildPhase section */
		BE90A20B25370E1000B2EF6B /* Frameworks */ = {
			isa = PBXFrameworksBuildPhase;
			buildActionMask = 2147483647;
			files = (
			);
			runOnlyForDeploymentPostprocessing = 0;
		};
/* End PBXFrameworksBuildPhase section */

/* Begin PBXGroup section */
		BE90A20525370E1000B2EF6B = {
			isa = PBXGroup;
			children = (
				BE90A21025370E1000B2EF6B /* Shoes Retail */,
				BE90A20F25370E1000B2EF6B /* Products */,
			);
			sourceTree = "<group>";
		};
		BE90A20F25370E1000B2EF6B /* Products */ = {
			isa = PBXGroup;
			children = (
				BE90A20E25370E1000B2EF6B /* Shoes Retail.app */,
			);
			name = Products;
			sourceTree = "<group>";
		};
		BE90A21025370E1000B2EF6B /* Shoes Retail */ = {
			isa = PBXGroup;
			children = (
				BE90A21125370E1000B2EF6B /* Shoes_RetailApp.swift */,
				BE90A21325370E1000B2EF6B /* ContentView.swift */,
				BE8316782537168700A982EF /* HeaderView.swift */,
				BEFF647A2537203100BEABA4 /* GridView.swift */,
				BE90A221253711E300B2EF6B /* SearchTextFieldView.swift */,
				BEFF647D2537222600BEABA4 /* CategoriesView.swift */,
				BEFF64802537242A00BEABA4 /* NavigationBarItemView.swift */,
				BE9C1D732537192D002A8051 /* CattegoriesButtonView.swift */,
				BE9C1D7625371B3C002A8051 /* GridCellView.swift */,
				BE90A21525370E1300B2EF6B /* Assets.xcassets */,
				BE90A21A25370E1300B2EF6B /* Info.plist */,
				BE90A21725370E1300B2EF6B /* Preview Content */,
			);
			path = "Shoes Retail";
			sourceTree = "<group>";
		};
		BE90A21725370E1300B2EF6B /* Preview Content */ = {
			isa = PBXGroup;
			children = (
				BE90A21825370E1300B2EF6B /* Preview Assets.xcassets */,
			);
			path = "Preview Content";
			sourceTree = "<group>";
		};
/* End PBXGroup section */

/* Begin PBXNativeTarget section */
		BE90A20D25370E1000B2EF6B /* Shoes Retail */ = {
			isa = PBXNativeTarget;
			buildConfigurationList = BE90A21D25370E1300B2EF6B /* Build configuration list for PBXNativeTarget "Shoes Retail" */;
			buildPhases = (
				BE90A20A25370E1000B2EF6B /* Sources */,
				BE90A20B25370E1000B2EF6B /* Frameworks */,
				BE90A20C25370E1000B2EF6B /* Resources */,
			);
			buildRules = (
			);
			dependencies = (
			);
			name = "Shoes Retail";
			productName = "Shoes Retail";
			productReference = BE90A20E25370E1000B2EF6B /* Shoes Retail.app */;
			productType = "com.apple.product-type.application";
		};
/* End PBXNativeTarget section */

/* Begin PBXProject section */
		BE90A20625370E1000B2EF6B /* Project object */ = {
			isa = PBXProject;
			attributes = {
				LastSwiftUpdateCheck = 1200;
				LastUpgradeCheck = 1200;
				TargetAttributes = {
					BE90A20D25370E1000B2EF6B = {
						CreatedOnToolsVersion = 12.0.1;
					};
				};
			};
			buildConfigurationList = BE90A20925370E1000B2EF6B /* Build configuration list for PBXProject "Shoes Retail" */;
			compatibilityVersion = "Xcode 9.3";
			developmentRegion = en;
			hasScannedForEncodings = 0;
			knownRegions = (
				en,
				Base,
			);
			mainGroup = BE90A20525370E1000B2EF6B;
			productRefGroup = BE90A20F25370E1000B2EF6B /* Products */;
			projectDirPath = "";
			projectRoot = "";
			targets = (
				BE90A20D25370E1000B2EF6B /* Shoes Retail */,
			);
		};
/* End PBXProject section */

/* Begin PBXResourcesBuildPhase section */
		BE90A20C25370E1000B2EF6B /* Resources */ = {
			isa = PBXResourcesBuildPhase;
			buildActionMask = 2147483647;
			files = (
				BE90A21925370E1300B2EF6B /* Preview Assets.xcassets in Resources */,
				BE90A21625370E1300B2EF6B /* Assets.xcassets in Resources */,
			);
			runOnlyForDeploymentPostprocessing = 0;
		};
/* End PBXResourcesBuildPhase section */

/* Begin PBXSourcesBuildPhase section */
		BE90A20A25370E1000B2EF6B /* Sources */ = {
			isa = PBXSourcesBuildPhase;
			buildActionMask = 2147483647;
			files = (
				BEFF647E2537222600BEABA4 /* CategoriesView.swift in Sources */,
				BE9C1D7725371B3C002A8051 /* GridCellView.swift in Sources */,
				BE90A21425370E1000B2EF6B /* ContentView.swift in Sources */,
				BE9C1D742537192D002A8051 /* CattegoriesButtonView.swift in Sources */,
				BEFF647B2537203100BEABA4 /* GridView.swift in Sources */,
				BEFF64812537242A00BEABA4 /* NavigationBarItemView.swift in Sources */,
				BE90A21225370E1000B2EF6B /* Shoes_RetailApp.swift in Sources */,
				BE90A222253711E300B2EF6B /* SearchTextFieldView.swift in Sources */,
				BE8316792537168700A982EF /* HeaderView.swift in Sources */,
			);
			runOnlyForDeploymentPostprocessing = 0;
		};
/* End PBXSourcesBuildPhase section */

/* Begin XCBuildConfiguration section */
		BE90A21B25370E1300B2EF6B /* Debug */ = {
			isa = XCBuildConfiguration;
			buildSettings = {
				ALWAYS_SEARCH_USER_PATHS = NO;
				CLANG_ANALYZER_NONNULL = YES;
				CLANG_ANALYZER_NUMBER_OBJECT_CONVERSION = YES_AGGRESSIVE;
				CLANG_CXX_LANGUAGE_STANDARD = "gnu++14";
				CLANG_CXX_LIBRARY = "libc++";
				CLANG_ENABLE_MODULES = YES;
				CLANG_ENABLE_OBJC_ARC = YES;
				CLANG_ENABLE_OBJC_WEAK = YES;
				CLANG_WARN_BLOCK_CAPTURE_AUTORELEASING = YES;
				CLANG_WARN_BOOL_CONVERSION = YES;
				CLANG_WARN_COMMA = YES;
				CLANG_WARN_CONSTANT_CONVERSION = YES;
				CLANG_WARN_DEPRECATED_OBJC_IMPLEMENTATIONS = YES;
				CLANG_WARN_DIRECT_OBJC_ISA_USAGE = YES_ERROR;
				CLANG_WARN_DOCUMENTATION_COMMENTS = YES;
				CLANG_WARN_EMPTY_BODY = YES;
				CLANG_WARN_ENUM_CONVERSION = YES;
				CLANG_WARN_INFINITE_RECURSION = YES;
				CLANG_WARN_INT_CONVERSION = YES;
				CLANG_WARN_NON_LITERAL_NULL_CONVERSION = YES;
				CLANG_WARN_OBJC_IMPLICIT_RETAIN_SELF = YES;
				CLANG_WARN_OBJC_LITERAL_CONVERSION = YES;
				CLANG_WARN_OBJC_ROOT_CLASS = YES_ERROR;
				CLANG_WARN_QUOTED_INCLUDE_IN_FRAMEWORK_HEADER = YES;
				CLANG_WARN_RANGE_LOOP_ANALYSIS = YES;
				CLANG_WARN_STRICT_PROTOTYPES = YES;
				CLANG_WARN_SUSPICIOUS_MOVE = YES;
				CLANG_WARN_UNGUARDED_AVAILABILITY = YES_AGGRESSIVE;
				CLANG_WARN_UNREACHABLE_CODE = YES;
				CLANG_WARN__DUPLICATE_METHOD_MATCH = YES;
				COPY_PHASE_STRIP = NO;
				DEBUG_INFORMATION_FORMAT = dwarf;
				ENABLE_STRICT_OBJC_MSGSEND = YES;
				ENABLE_TESTABILITY = YES;
				GCC_C_LANGUAGE_STANDARD = gnu11;
				GCC_DYNAMIC_NO_PIC = NO;
				GCC_NO_COMMON_BLOCKS = YES;
				GCC_OPTIMIZATION_LEVEL = 0;
				GCC_PREPROCESSOR_DEFINITIONS = (
					"DEBUG=1",
					"$(inherited)",
				);
				GCC_WARN_64_TO_32_BIT_CONVERSION = YES;
				GCC_WARN_ABOUT_RETURN_TYPE = YES_ERROR;
				GCC_WARN_UNDECLARED_SELECTOR = YES;
				GCC_WARN_UNINITIALIZED_AUTOS = YES_AGGRESSIVE;
				GCC_WARN_UNUSED_FUNCTION = YES;
				GCC_WARN_UNUSED_VARIABLE = YES;
				IPHONEOS_DEPLOYMENT_TARGET = 14.0;
				MTL_ENABLE_DEBUG_INFO = INCLUDE_SOURCE;
				MTL_FAST_MATH = YES;
				ONLY_ACTIVE_ARCH = YES;
				SDKROOT = iphoneos;
				SWIFT_ACTIVE_COMPILATION_CONDITIONS = DEBUG;
				SWIFT_OPTIMIZATION_LEVEL = "-Onone";
			};
			name = Debug;
		};
		BE90A21C25370E1300B2EF6B /* Release */ = {
			isa = XCBuildConfiguration;
			buildSettings = {
				ALWAYS_SEARCH_USER_PATHS = NO;
				CLANG_ANALYZER_NONNULL = YES;
				CLANG_ANALYZER_NUMBER_OBJECT_CONVERSION = YES_AGGRESSIVE;
				CLANG_CXX_LANGUAGE_STANDARD = "gnu++14";
				CLANG_CXX_LIBRARY = "libc++";
				CLANG_ENABLE_MODULES = YES;
				CLANG_ENABLE_OBJC_ARC = YES;
				CLANG_ENABLE_OBJC_WEAK = YES;
				CLANG_WARN_BLOCK_CAPTURE_AUTORELEASING = YES;
				CLANG_WARN_BOOL_CONVERSION = YES;
				CLANG_WARN_COMMA = YES;
				CLANG_WARN_CONSTANT_CONVERSION = YES;
				CLANG_WARN_DEPRECATED_OBJC_IMPLEMENTATIONS = YES;
				CLANG_WARN_DIRECT_OBJC_ISA_USAGE = YES_ERROR;
				CLANG_WARN_DOCUMENTATION_COMMENTS = YES;
				CLANG_WARN_EMPTY_BODY = YES;
				CLANG_WARN_ENUM_CONVERSION = YES;
				CLANG_WARN_INFINITE_RECURSION = YES;
				CLANG_WARN_INT_CONVERSION = YES;
				CLANG_WARN_NON_LITERAL_NULL_CONVERSION = YES;
				CLANG_WARN_OBJC_IMPLICIT_RETAIN_SELF = YES;
				CLANG_WARN_OBJC_LITERAL_CONVERSION = YES;
				CLANG_WARN_OBJC_ROOT_CLASS = YES_ERROR;
				CLANG_WARN_QUOTED_INCLUDE_IN_FRAMEWORK_HEADER = YES;
				CLANG_WARN_RANGE_LOOP_ANALYSIS = YES;
				CLANG_WARN_STRICT_PROTOTYPES = YES;
				CLANG_WARN_SUSPICIOUS_MOVE = YES;
				CLANG_WARN_UNGUARDED_AVAILABILITY = YES_AGGRESSIVE;
				CLANG_WARN_UNREACHABLE_CODE = YES;
				CLANG_WARN__DUPLICATE_METHOD_MATCH = YES;
				COPY_PHASE_STRIP = NO;
				DEBUG_INFORMATION_FORMAT = "dwarf-with-dsym";
				ENABLE_NS_ASSERTIONS = NO;
				ENABLE_STRICT_OBJC_MSGSEND = YES;
				GCC_C_LANGUAGE_STANDARD = gnu11;
				GCC_NO_COMMON_BLOCKS = YES;
				GCC_WARN_64_TO_32_BIT_CONVERSION = YES;
				GCC_WARN_ABOUT_RETURN_TYPE = YES_ERROR;
				GCC_WARN_UNDECLARED_SELECTOR = YES;
				GCC_WARN_UNINITIALIZED_AUTOS = YES_AGGRESSIVE;
				GCC_WARN_UNUSED_FUNCTION = YES;
				GCC_WARN_UNUSED_VARIABLE = YES;
				IPHONEOS_DEPLOYMENT_TARGET = 14.0;
				MTL_ENABLE_DEBUG_INFO = NO;
				MTL_FAST_MATH = YES;
				SDKROOT = iphoneos;
				SWIFT_COMPILATION_MODE = wholemodule;
				SWIFT_OPTIMIZATION_LEVEL = "-O";
				VALIDATE_PRODUCT = YES;
			};
			name = Release;
		};
		BE90A21E25370E1300B2EF6B /* Debug */ = {
			isa = XCBuildConfiguration;
			buildSettings = {
				ASSETCATALOG_COMPILER_APPICON_NAME = AppIcon;
				ASSETCATALOG_COMPILER_GLOBAL_ACCENT_COLOR_NAME = AccentColor;
				CODE_SIGN_STYLE = Automatic;
				DEVELOPMENT_ASSET_PATHS = "\"Shoes Retail/Preview Content\"";
				DEVELOPMENT_TEAM = 7Y2536B85X;
				ENABLE_PREVIEWS = YES;
				INFOPLIST_FILE = "Shoes Retail/Info.plist";
				IPHONEOS_DEPLOYMENT_TARGET = 14.0;
				LD_RUNPATH_SEARCH_PATHS = (
					"$(inherited)",
					"@executable_path/Frameworks",
				);
				PRODUCT_BUNDLE_IDENTIFIER = "istomin.Shoes-Retail";
				PRODUCT_NAME = "$(TARGET_NAME)";
				SWIFT_VERSION = 5.0;
				TARGETED_DEVICE_FAMILY = "1,2";
			};
			name = Debug;
		};
		BE90A21F25370E1300B2EF6B /* Release */ = {
			isa = XCBuildConfiguration;
			buildSettings = {
				ASSETCATALOG_COMPILER_APPICON_NAME = AppIcon;
				ASSETCATALOG_COMPILER_GLOBAL_ACCENT_COLOR_NAME = AccentColor;
				CODE_SIGN_STYLE = Automatic;
				DEVELOPMENT_ASSET_PATHS = "\"Shoes Retail/Preview Content\"";
				DEVELOPMENT_TEAM = 7Y2536B85X;
				ENABLE_PREVIEWS = YES;
				INFOPLIST_FILE = "Shoes Retail/Info.plist";
				IPHONEOS_DEPLOYMENT_TARGET = 14.0;
				LD_RUNPATH_SEARCH_PATHS = (
					"$(inherited)",
					"@executable_path/Frameworks",
				);
				PRODUCT_BUNDLE_IDENTIFIER = "istomin.Shoes-Retail";
				PRODUCT_NAME = "$(TARGET_NAME)";
				SWIFT_VERSION = 5.0;
				TARGETED_DEVICE_FAMILY = "1,2";
			};
			name = Release;
		};
/* End XCBuildConfiguration section */

/* Begin XCConfigurationList section */
		BE90A20925370E1000B2EF6B /* Build configuration list for PBXProject "Shoes Retail" */ = {
			isa = XCConfigurationList;
			buildConfigurations = (
				BE90A21B25370E1300B2EF6B /* Debug */,
				BE90A21C25370E1300B2EF6B /* Release */,
			);
			defaultConfigurationIsVisible = 0;
			defaultConfigurationName = Release;
		};
		BE90A21D25370E1300B2EF6B /* Build configuration list for PBXNativeTarget "Shoes Retail" */ = {
			isa = XCConfigurationList;
			buildConfigurations = (
				BE90A21E25370E1300B2EF6B /* Debug */,
				BE90A21F25370E1300B2EF6B /* Release */,
			);
			defaultConfigurationIsVisible = 0;
			defaultConfigurationName = Release;
		};
/* End XCConfigurationList section */
	};
	rootObject = BE90A20625370E1000B2EF6B /* Project object */;
}
