// !$*UTF8*$!
{
	archiveVersion = 1;
	classes = {
	};
	objectVersion = 50;
	objects = {

/* Begin PBXBuildFile section */
		BE9BB514237D9F97000B1203 /* AppDelegate.swift in Sources */ = {isa = PBXBuildFile; fileRef = BE9BB513237D9F97000B1203 /* AppDelegate.swift */; };
		BE9BB516237D9F97000B1203 /* SceneDelegate.swift in Sources */ = {isa = PBXBuildFile; fileRef = BE9BB515237D9F97000B1203 /* SceneDelegate.swift */; };
		BE9BB518237D9F97000B1203 /* ContentView.swift in Sources */ = {isa = PBXBuildFile; fileRef = BE9BB517237D9F97000B1203 /* ContentView.swift */; };
		BE9BB51A237D9F98000B1203 /* Assets.xcassets in Resources */ = {isa = PBXBuildFile; fileRef = BE9BB519237D9F98000B1203 /* Assets.xcassets */; };
		BE9BB51D237D9F98000B1203 /* Preview Assets.xcassets in Resources */ = {isa = PBXBuildFile; fileRef = BE9BB51C237D9F98000B1203 /* Preview Assets.xcassets */; };
		BE9BB520237D9F98000B1203 /* LaunchScreen.storyboard in Resources */ = {isa = PBXBuildFile; fileRef = BE9BB51E237D9F98000B1203 /* LaunchScreen.storyboard */; };
		BE9BB528237DA54C000B1203 /* Hike.swift in Sources */ = {isa = PBXBuildFile; fileRef = BE9BB527237DA54C000B1203 /* Hike.swift */; };
/* End PBXBuildFile section */

/* Begin PBXFileReference section */
		BE9BB510237D9F97000B1203 /* HikingApp.app */ = {isa = PBXFileReference; explicitFileType = wrapper.application; includeInIndex = 0; path = HikingApp.app; sourceTree = BUILT_PRODUCTS_DIR; };
		BE9BB513237D9F97000B1203 /* AppDelegate.swift */ = {isa = PBXFileReference; lastKnownFileType = sourcecode.swift; path = AppDelegate.swift; sourceTree = "<group>"; };
		BE9BB515237D9F97000B1203 /* SceneDelegate.swift */ = {isa = PBXFileReference; lastKnownFileType = sourcecode.swift; path = SceneDelegate.swift; sourceTree = "<group>"; };
		BE9BB517237D9F97000B1203 /* ContentView.swift */ = {isa = PBXFileReference; lastKnownFileType = sourcecode.swift; path = ContentView.swift; sourceTree = "<group>"; };
		BE9BB519237D9F98000B1203 /* Assets.xcassets */ = {isa = PBXFileReference; lastKnownFileType = folder.assetcatalog; path = Assets.xcassets; sourceTree = "<group>"; };
		BE9BB51C237D9F98000B1203 /* Preview Assets.xcassets */ = {isa = PBXFileReference; lastKnownFileType = folder.assetcatalog; path = "Preview Assets.xcassets"; sourceTree = "<group>"; };
		BE9BB51F237D9F98000B1203 /* Base */ = {isa = PBXFileReference; lastKnownFileType = file.storyboard; name = Base; path = Base.lproj/LaunchScreen.storyboard; sourceTree = "<group>"; };
		BE9BB521237D9F98000B1203 /* Info.plist */ = {isa = PBXFileReference; lastKnownFileType = text.plist.xml; path = Info.plist; sourceTree = "<group>"; };
		BE9BB527237DA54C000B1203 /* Hike.swift */ = {isa = PBXFileReference; lastKnownFileType = sourcecode.swift; path = Hike.swift; sourceTree = "<group>"; };
/* End PBXFileReference section */

/* Begin PBXFrameworksBuildPhase section */
		BE9BB50D237D9F97000B1203 /* Frameworks */ = {
			isa = PBXFrameworksBuildPhase;
			buildActionMask = 2147483647;
			files = (
			);
			runOnlyForDeploymentPostprocessing = 0;
		};
/* End PBXFrameworksBuildPhase section */

/* Begin PBXGroup section */
		BE9BB507237D9F97000B1203 = {
			isa = PBXGroup;
			children = (
				BE9BB527237DA54C000B1203 /* Hike.swift */,
				BE9BB512237D9F97000B1203 /* HikingApp */,
				BE9BB511237D9F97000B1203 /* Products */,
			);
			sourceTree = "<group>";
		};
		BE9BB511237D9F97000B1203 /* Products */ = {
			isa = PBXGroup;
			children = (
				BE9BB510237D9F97000B1203 /* HikingApp.app */,
			);
			name = Products;
			sourceTree = "<group>";
		};
		BE9BB512237D9F97000B1203 /* HikingApp */ = {
			isa = PBXGroup;
			children = (
				BE9BB513237D9F97000B1203 /* AppDelegate.swift */,
				BE9BB515237D9F97000B1203 /* SceneDelegate.swift */,
				BE9BB517237D9F97000B1203 /* ContentView.swift */,
				BE9BB519237D9F98000B1203 /* Assets.xcassets */,
				BE9BB51E237D9F98000B1203 /* LaunchScreen.storyboard */,
				BE9BB521237D9F98000B1203 /* Info.plist */,
				BE9BB51B237D9F98000B1203 /* Preview Content */,
			);
			path = HikingApp;
			sourceTree = "<group>";
		};
		BE9BB51B237D9F98000B1203 /* Preview Content */ = {
			isa = PBXGroup;
			children = (
				BE9BB51C237D9F98000B1203 /* Preview Assets.xcassets */,
			);
			path = "Preview Content";
			sourceTree = "<group>";
		};
/* End PBXGroup section */

/* Begin PBXNativeTarget section */
		BE9BB50F237D9F97000B1203 /* HikingApp */ = {
			isa = PBXNativeTarget;
			buildConfigurationList = BE9BB524237D9F98000B1203 /* Build configuration list for PBXNativeTarget "HikingApp" */;
			buildPhases = (
				BE9BB50C237D9F97000B1203 /* Sources */,
				BE9BB50D237D9F97000B1203 /* Frameworks */,
				BE9BB50E237D9F97000B1203 /* Resources */,
			);
			buildRules = (
			);
			dependencies = (
			);
			name = HikingApp;
			productName = HikingApp;
			productReference = BE9BB510237D9F97000B1203 /* HikingApp.app */;
			productType = "com.apple.product-type.application";
		};
/* End PBXNativeTarget section */

/* Begin PBXProject section */
		BE9BB508237D9F97000B1203 /* Project object */ = {
			isa = PBXProject;
			attributes = {
				LastSwiftUpdateCheck = 1120;
				LastUpgradeCheck = 1120;
				ORGANIZATIONNAME = "Александр Истомин";
				TargetAttributes = {
					BE9BB50F237D9F97000B1203 = {
						CreatedOnToolsVersion = 11.2.1;
					};
				};
			};
			buildConfigurationList = BE9BB50B237D9F97000B1203 /* Build configuration list for PBXProject "HikingApp" */;
			compatibilityVersion = "Xcode 9.3";
			developmentRegion = en;
			hasScannedForEncodings = 0;
			knownRegions = (
				en,
				Base,
			);
			mainGroup = BE9BB507237D9F97000B1203;
			productRefGroup = BE9BB511237D9F97000B1203 /* Products */;
			projectDirPath = "";
			projectRoot = "";
			targets = (
				BE9BB50F237D9F97000B1203 /* HikingApp */,
			);
		};
/* End PBXProject section */

/* Begin PBXResourcesBuildPhase section */
		BE9BB50E237D9F97000B1203 /* Resources */ = {
			isa = PBXResourcesBuildPhase;
			buildActionMask = 2147483647;
			files = (
				BE9BB520237D9F98000B1203 /* LaunchScreen.storyboard in Resources */,
				BE9BB51D237D9F98000B1203 /* Preview Assets.xcassets in Resources */,
				BE9BB51A237D9F98000B1203 /* Assets.xcassets in Resources */,
			);
			runOnlyForDeploymentPostprocessing = 0;
		};
/* End PBXResourcesBuildPhase section */

/* Begin PBXSourcesBuildPhase section */
		BE9BB50C237D9F97000B1203 /* Sources */ = {
			isa = PBXSourcesBuildPhase;
			buildActionMask = 2147483647;
			files = (
				BE9BB514237D9F97000B1203 /* AppDelegate.swift in Sources */,
				BE9BB516237D9F97000B1203 /* SceneDelegate.swift in Sources */,
				BE9BB528237DA54C000B1203 /* Hike.swift in Sources */,
				BE9BB518237D9F97000B1203 /* ContentView.swift in Sources */,
			);
			runOnlyForDeploymentPostprocessing = 0;
		};
/* End PBXSourcesBuildPhase section */

/* Begin PBXVariantGroup section */
		BE9BB51E237D9F98000B1203 /* LaunchScreen.storyboard */ = {
			isa = PBXVariantGroup;
			children = (
				BE9BB51F237D9F98000B1203 /* Base */,
			);
			name = LaunchScreen.storyboard;
			sourceTree = "<group>";
		};
/* End PBXVariantGroup section */

/* Begin XCBuildConfiguration section */
		BE9BB522237D9F98000B1203 /* Debug */ = {
			isa = XCBuildConfiguration;
			buildSettings = {
				ALWAYS_SEARCH_USER_PATHS = NO;
				CLANG_ANALYZER_NONNULL = YES;
				CLANG_ANALYZER_NUMBER_OBJECT_CONVERSION = YES_AGGRESSIVE;
				CLANG_CXX_LANGUAGE_STANDARD = "gnu++14";
				CLANG_CXX_LIBRARY = "libc++";
				CLANG_ENABLE_MODULES = YES;
				CLANG_ENABLE_OBJC_ARC = YES;
				CLANG_ENABLE_OBJC_WEAK = YES;
				CLANG_WARN_BLOCK_CAPTURE_AUTORELEASING = YES;
				CLANG_WARN_BOOL_CONVERSION = YES;
				CLANG_WARN_COMMA = YES;
				CLANG_WARN_CONSTANT_CONVERSION = YES;
				CLANG_WARN_DEPRECATED_OBJC_IMPLEMENTATIONS = YES;
				CLANG_WARN_DIRECT_OBJC_ISA_USAGE = YES_ERROR;
				CLANG_WARN_DOCUMENTATION_COMMENTS = YES;
				CLANG_WARN_EMPTY_BODY = YES;
				CLANG_WARN_ENUM_CONVERSION = YES;
				CLANG_WARN_INFINITE_RECURSION = YES;
				CLANG_WARN_INT_CONVERSION = YES;
				CLANG_WARN_NON_LITERAL_NULL_CONVERSION = YES;
				CLANG_WARN_OBJC_IMPLICIT_RETAIN_SELF = YES;
				CLANG_WARN_OBJC_LITERAL_CONVERSION = YES;
				CLANG_WARN_OBJC_ROOT_CLASS = YES_ERROR;
				CLANG_WARN_RANGE_LOOP_ANALYSIS = YES;
				CLANG_WARN_STRICT_PROTOTYPES = YES;
				CLANG_WARN_SUSPICIOUS_MOVE = YES;
				CLANG_WARN_UNGUARDED_AVAILABILITY = YES_AGGRESSIVE;
				CLANG_WARN_UNREACHABLE_CODE = YES;
				CLANG_WARN__DUPLICATE_METHOD_MATCH = YES;
				COPY_PHASE_STRIP = NO;
				DEBUG_INFORMATION_FORMAT = dwarf;
				ENABLE_STRICT_OBJC_MSGSEND = YES;
				ENABLE_TESTABILITY = YES;
				GCC_C_LANGUAGE_STANDARD = gnu11;
				GCC_DYNAMIC_NO_PIC = NO;
				GCC_NO_COMMON_BLOCKS = YES;
				GCC_OPTIMIZATION_LEVEL = 0;
				GCC_PREPROCESSOR_DEFINITIONS = (
					"DEBUG=1",
					"$(inherited)",
				);
				GCC_WARN_64_TO_32_BIT_CONVERSION = YES;
				GCC_WARN_ABOUT_RETURN_TYPE = YES_ERROR;
				GCC_WARN_UNDECLARED_SELECTOR = YES;
				GCC_WARN_UNINITIALIZED_AUTOS = YES_AGGRESSIVE;
				GCC_WARN_UNUSED_FUNCTION = YES;
				GCC_WARN_UNUSED_VARIABLE = YES;
				IPHONEOS_DEPLOYMENT_TARGET = 13.2;
				MTL_ENABLE_DEBUG_INFO = INCLUDE_SOURCE;
				MTL_FAST_MATH = YES;
				ONLY_ACTIVE_ARCH = YES;
				SDKROOT = iphoneos;
				SWIFT_ACTIVE_COMPILATION_CONDITIONS = DEBUG;
				SWIFT_OPTIMIZATION_LEVEL = "-Onone";
			};
			name = Debug;
		};
		BE9BB523237D9F98000B1203 /* Release */ = {
			isa = XCBuildConfiguration;
			buildSettings = {
				ALWAYS_SEARCH_USER_PATHS = NO;
				CLANG_ANALYZER_NONNULL = YES;
				CLANG_ANALYZER_NUMBER_OBJECT_CONVERSION = YES_AGGRESSIVE;
				CLANG_CXX_LANGUAGE_STANDARD = "gnu++14";
				CLANG_CXX_LIBRARY = "libc++";
				CLANG_ENABLE_MODULES = YES;
				CLANG_ENABLE_OBJC_ARC = YES;
				CLANG_ENABLE_OBJC_WEAK = YES;
				CLANG_WARN_BLOCK_CAPTURE_AUTORELEASING = YES;
				CLANG_WARN_BOOL_CONVERSION = YES;
				CLANG_WARN_COMMA = YES;
				CLANG_WARN_CONSTANT_CONVERSION = YES;
				CLANG_WARN_DEPRECATED_OBJC_IMPLEMENTATIONS = YES;
				CLANG_WARN_DIRECT_OBJC_ISA_USAGE = YES_ERROR;
				CLANG_WARN_DOCUMENTATION_COMMENTS = YES;
				CLANG_WARN_EMPTY_BODY = YES;
				CLANG_WARN_ENUM_CONVERSION = YES;
				CLANG_WARN_INFINITE_RECURSION = YES;
				CLANG_WARN_INT_CONVERSION = YES;
				CLANG_WARN_NON_LITERAL_NULL_CONVERSION = YES;
				CLANG_WARN_OBJC_IMPLICIT_RETAIN_SELF = YES;
				CLANG_WARN_OBJC_LITERAL_CONVERSION = YES;
				CLANG_WARN_OBJC_ROOT_CLASS = YES_ERROR;
				CLANG_WARN_RANGE_LOOP_ANALYSIS = YES;
				CLANG_WARN_STRICT_PROTOTYPES = YES;
				CLANG_WARN_SUSPICIOUS_MOVE = YES;
				CLANG_WARN_UNGUARDED_AVAILABILITY = YES_AGGRESSIVE;
				CLANG_WARN_UNREACHABLE_CODE = YES;
				CLANG_WARN__DUPLICATE_METHOD_MATCH = YES;
				COPY_PHASE_STRIP = NO;
				DEBUG_INFORMATION_FORMAT = "dwarf-with-dsym";
				ENABLE_NS_ASSERTIONS = NO;
				ENABLE_STRICT_OBJC_MSGSEND = YES;
				GCC_C_LANGUAGE_STANDARD = gnu11;
				GCC_NO_COMMON_BLOCKS = YES;
				GCC_WARN_64_TO_32_BIT_CONVERSION = YES;
				GCC_WARN_ABOUT_RETURN_TYPE = YES_ERROR;
				GCC_WARN_UNDECLARED_SELECTOR = YES;
				GCC_WARN_UNINITIALIZED_AUTOS = YES_AGGRESSIVE;
				GCC_WARN_UNUSED_FUNCTION = YES;
				GCC_WARN_UNUSED_VARIABLE = YES;
				IPHONEOS_DEPLOYMENT_TARGET = 13.2;
				MTL_ENABLE_DEBUG_INFO = NO;
				MTL_FAST_MATH = YES;
				SDKROOT = iphoneos;
				SWIFT_COMPILATION_MODE = wholemodule;
				SWIFT_OPTIMIZATION_LEVEL = "-O";
				VALIDATE_PRODUCT = YES;
			};
			name = Release;
		};
		BE9BB525237D9F98000B1203 /* Debug */ = {
			isa = XCBuildConfiguration;
			buildSettings = {
				ASSETCATALOG_COMPILER_APPICON_NAME = AppIcon;
				CODE_SIGN_STYLE = Automatic;
				DEVELOPMENT_ASSET_PATHS = "\"HikingApp/Preview Content\"";
				DEVELOPMENT_TEAM = 7Y2536B85X;
				ENABLE_PREVIEWS = YES;
				INFOPLIST_FILE = HikingApp/Info.plist;
				LD_RUNPATH_SEARCH_PATHS = (
					"$(inherited)",
					"@executable_path/Frameworks",
				);
				PRODUCT_BUNDLE_IDENTIFIER = istomin.HikingApp;
				PRODUCT_NAME = "$(TARGET_NAME)";
				SWIFT_VERSION = 5.0;
				TARGETED_DEVICE_FAMILY = "1,2";
			};
			name = Debug;
		};
		BE9BB526237D9F98000B1203 /* Release */ = {
			isa = XCBuildConfiguration;
			buildSettings = {
				ASSETCATALOG_COMPILER_APPICON_NAME = AppIcon;
				CODE_SIGN_STYLE = Automatic;
				DEVELOPMENT_ASSET_PATHS = "\"HikingApp/Preview Content\"";
				DEVELOPMENT_TEAM = 7Y2536B85X;
				ENABLE_PREVIEWS = YES;
				INFOPLIST_FILE = HikingApp/Info.plist;
				LD_RUNPATH_SEARCH_PATHS = (
					"$(inherited)",
					"@executable_path/Frameworks",
				);
				PRODUCT_BUNDLE_IDENTIFIER = istomin.HikingApp;
				PRODUCT_NAME = "$(TARGET_NAME)";
				SWIFT_VERSION = 5.0;
				TARGETED_DEVICE_FAMILY = "1,2";
			};
			name = Release;
		};
/* End XCBuildConfiguration section */

/* Begin XCConfigurationList section */
		BE9BB50B237D9F97000B1203 /* Build configuration list for PBXProject "HikingApp" */ = {
			isa = XCConfigurationList;
			buildConfigurations = (
				BE9BB522237D9F98000B1203 /* Debug */,
				BE9BB523237D9F98000B1203 /* Release */,
			);
			defaultConfigurationIsVisible = 0;
			defaultConfigurationName = Release;
		};
		BE9BB524237D9F98000B1203 /* Build configuration list for PBXNativeTarget "HikingApp" */ = {
			isa = XCConfigurationList;
			buildConfigurations = (
				BE9BB525237D9F98000B1203 /* Debug */,
				BE9BB526237D9F98000B1203 /* Release */,
			);
			defaultConfigurationIsVisible = 0;
			defaultConfigurationName = Release;
		};
/* End XCConfigurationList section */
	};
	rootObject = BE9BB508237D9F97000B1203 /* Project object */;
}
