// !$*UTF8*$!
{
	archiveVersion = 1;
	classes = {
	};
	objectVersion = 50;
	objects = {

/* Begin PBXBuildFile section */
		BEEE1722237C88B800FCF2E4 /* AppDelegate.swift in Sources */ = {isa = PBXBuildFile; fileRef = BEEE1721237C88B800FCF2E4 /* AppDelegate.swift */; };
		BEEE1724237C88B800FCF2E4 /* SceneDelegate.swift in Sources */ = {isa = PBXBuildFile; fileRef = BEEE1723237C88B800FCF2E4 /* SceneDelegate.swift */; };
		BEEE1726237C88B800FCF2E4 /* ContentView.swift in Sources */ = {isa = PBXBuildFile; fileRef = BEEE1725237C88B800FCF2E4 /* ContentView.swift */; };
		BEEE1728237C88C200FCF2E4 /* Assets.xcassets in Resources */ = {isa = PBXBuildFile; fileRef = BEEE1727237C88C200FCF2E4 /* Assets.xcassets */; };
		BEEE172B237C88C200FCF2E4 /* Preview Assets.xcassets in Resources */ = {isa = PBXBuildFile; fileRef = BEEE172A237C88C200FCF2E4 /* Preview Assets.xcassets */; };
		BEEE172E237C88C200FCF2E4 /* LaunchScreen.storyboard in Resources */ = {isa = PBXBuildFile; fileRef = BEEE172C237C88C200FCF2E4 /* LaunchScreen.storyboard */; };
		BEEE1736237C8D3500FCF2E4 /* ListView.swift in Sources */ = {isa = PBXBuildFile; fileRef = BEEE1735237C8D3500FCF2E4 /* ListView.swift */; };
		BEEE1738237C921100FCF2E4 /* SomeView.swift in Sources */ = {isa = PBXBuildFile; fileRef = BEEE1737237C921100FCF2E4 /* SomeView.swift */; };
/* End PBXBuildFile section */

/* Begin PBXFileReference section */
		BEEE171E237C88B800FCF2E4 /* SwiftLive007.app */ = {isa = PBXFileReference; explicitFileType = wrapper.application; includeInIndex = 0; path = SwiftLive007.app; sourceTree = BUILT_PRODUCTS_DIR; };
		BEEE1721237C88B800FCF2E4 /* AppDelegate.swift */ = {isa = PBXFileReference; lastKnownFileType = sourcecode.swift; path = AppDelegate.swift; sourceTree = "<group>"; };
		BEEE1723237C88B800FCF2E4 /* SceneDelegate.swift */ = {isa = PBXFileReference; lastKnownFileType = sourcecode.swift; path = SceneDelegate.swift; sourceTree = "<group>"; };
		BEEE1725237C88B800FCF2E4 /* ContentView.swift */ = {isa = PBXFileReference; lastKnownFileType = sourcecode.swift; path = ContentView.swift; sourceTree = "<group>"; };
		BEEE1727237C88C200FCF2E4 /* Assets.xcassets */ = {isa = PBXFileReference; lastKnownFileType = folder.assetcatalog; path = Assets.xcassets; sourceTree = "<group>"; };
		BEEE172A237C88C200FCF2E4 /* Preview Assets.xcassets */ = {isa = PBXFileReference; lastKnownFileType = folder.assetcatalog; path = "Preview Assets.xcassets"; sourceTree = "<group>"; };
		BEEE172D237C88C200FCF2E4 /* Base */ = {isa = PBXFileReference; lastKnownFileType = file.storyboard; name = Base; path = Base.lproj/LaunchScreen.storyboard; sourceTree = "<group>"; };
		BEEE172F237C88C200FCF2E4 /* Info.plist */ = {isa = PBXFileReference; lastKnownFileType = text.plist.xml; path = Info.plist; sourceTree = "<group>"; };
		BEEE1735237C8D3500FCF2E4 /* ListView.swift */ = {isa = PBXFileReference; lastKnownFileType = sourcecode.swift; path = ListView.swift; sourceTree = "<group>"; };
		BEEE1737237C921100FCF2E4 /* SomeView.swift */ = {isa = PBXFileReference; lastKnownFileType = sourcecode.swift; path = SomeView.swift; sourceTree = "<group>"; };
/* End PBXFileReference section */

/* Begin PBXFrameworksBuildPhase section */
		BEEE171B237C88B800FCF2E4 /* Frameworks */ = {
			isa = PBXFrameworksBuildPhase;
			buildActionMask = 2147483647;
			files = (
			);
			runOnlyForDeploymentPostprocessing = 0;
		};
/* End PBXFrameworksBuildPhase section */

/* Begin PBXGroup section */
		BEEE1715237C88B800FCF2E4 = {
			isa = PBXGroup;
			children = (
				BEEE1720237C88B800FCF2E4 /* SwiftLive007 */,
				BEEE171F237C88B800FCF2E4 /* Products */,
			);
			sourceTree = "<group>";
		};
		BEEE171F237C88B800FCF2E4 /* Products */ = {
			isa = PBXGroup;
			children = (
				BEEE171E237C88B800FCF2E4 /* SwiftLive007.app */,
			);
			name = Products;
			sourceTree = "<group>";
		};
		BEEE1720237C88B800FCF2E4 /* SwiftLive007 */ = {
			isa = PBXGroup;
			children = (
				BEEE1721237C88B800FCF2E4 /* AppDelegate.swift */,
				BEEE1723237C88B800FCF2E4 /* SceneDelegate.swift */,
				BEEE1725237C88B800FCF2E4 /* ContentView.swift */,
				BEEE1735237C8D3500FCF2E4 /* ListView.swift */,
				BEEE1737237C921100FCF2E4 /* SomeView.swift */,
				BEEE1727237C88C200FCF2E4 /* Assets.xcassets */,
				BEEE172C237C88C200FCF2E4 /* LaunchScreen.storyboard */,
				BEEE172F237C88C200FCF2E4 /* Info.plist */,
				BEEE1729237C88C200FCF2E4 /* Preview Content */,
			);
			path = SwiftLive007;
			sourceTree = "<group>";
		};
		BEEE1729237C88C200FCF2E4 /* Preview Content */ = {
			isa = PBXGroup;
			children = (
				BEEE172A237C88C200FCF2E4 /* Preview Assets.xcassets */,
			);
			path = "Preview Content";
			sourceTree = "<group>";
		};
/* End PBXGroup section */

/* Begin PBXNativeTarget section */
		BEEE171D237C88B800FCF2E4 /* SwiftLive007 */ = {
			isa = PBXNativeTarget;
			buildConfigurationList = BEEE1732237C88C200FCF2E4 /* Build configuration list for PBXNativeTarget "SwiftLive007" */;
			buildPhases = (
				BEEE171A237C88B800FCF2E4 /* Sources */,
				BEEE171B237C88B800FCF2E4 /* Frameworks */,
				BEEE171C237C88B800FCF2E4 /* Resources */,
			);
			buildRules = (
			);
			dependencies = (
			);
			name = SwiftLive007;
			productName = SwiftLive007;
			productReference = BEEE171E237C88B800FCF2E4 /* SwiftLive007.app */;
			productType = "com.apple.product-type.application";
		};
/* End PBXNativeTarget section */

/* Begin PBXProject section */
		BEEE1716237C88B800FCF2E4 /* Project object */ = {
			isa = PBXProject;
			attributes = {
				LastSwiftUpdateCheck = 1120;
				LastUpgradeCheck = 1120;
				ORGANIZATIONNAME = "Александр Истомин";
				TargetAttributes = {
					BEEE171D237C88B800FCF2E4 = {
						CreatedOnToolsVersion = 11.2.1;
					};
				};
			};
			buildConfigurationList = BEEE1719237C88B800FCF2E4 /* Build configuration list for PBXProject "SwiftLive007" */;
			compatibilityVersion = "Xcode 9.3";
			developmentRegion = en;
			hasScannedForEncodings = 0;
			knownRegions = (
				en,
				Base,
			);
			mainGroup = BEEE1715237C88B800FCF2E4;
			productRefGroup = BEEE171F237C88B800FCF2E4 /* Products */;
			projectDirPath = "";
			projectRoot = "";
			targets = (
				BEEE171D237C88B800FCF2E4 /* SwiftLive007 */,
			);
		};
/* End PBXProject section */

/* Begin PBXResourcesBuildPhase section */
		BEEE171C237C88B800FCF2E4 /* Resources */ = {
			isa = PBXResourcesBuildPhase;
			buildActionMask = 2147483647;
			files = (
				BEEE172E237C88C200FCF2E4 /* LaunchScreen.storyboard in Resources */,
				BEEE172B237C88C200FCF2E4 /* Preview Assets.xcassets in Resources */,
				BEEE1728237C88C200FCF2E4 /* Assets.xcassets in Resources */,
			);
			runOnlyForDeploymentPostprocessing = 0;
		};
/* End PBXResourcesBuildPhase section */

/* Begin PBXSourcesBuildPhase section */
		BEEE171A237C88B800FCF2E4 /* Sources */ = {
			isa = PBXSourcesBuildPhase;
			buildActionMask = 2147483647;
			files = (
				BEEE1736237C8D3500FCF2E4 /* ListView.swift in Sources */,
				BEEE1722237C88B800FCF2E4 /* AppDelegate.swift in Sources */,
				BEEE1724237C88B800FCF2E4 /* SceneDelegate.swift in Sources */,
				BEEE1726237C88B800FCF2E4 /* ContentView.swift in Sources */,
				BEEE1738237C921100FCF2E4 /* SomeView.swift in Sources */,
			);
			runOnlyForDeploymentPostprocessing = 0;
		};
/* End PBXSourcesBuildPhase section */

/* Begin PBXVariantGroup section */
		BEEE172C237C88C200FCF2E4 /* LaunchScreen.storyboard */ = {
			isa = PBXVariantGroup;
			children = (
				BEEE172D237C88C200FCF2E4 /* Base */,
			);
			name = LaunchScreen.storyboard;
			sourceTree = "<group>";
		};
/* End PBXVariantGroup section */

/* Begin XCBuildConfiguration section */
		BEEE1730237C88C200FCF2E4 /* Debug */ = {
			isa = XCBuildConfiguration;
			buildSettings = {
				ALWAYS_SEARCH_USER_PATHS = NO;
				CLANG_ANALYZER_NONNULL = YES;
				CLANG_ANALYZER_NUMBER_OBJECT_CONVERSION = YES_AGGRESSIVE;
				CLANG_CXX_LANGUAGE_STANDARD = "gnu++14";
				CLANG_CXX_LIBRARY = "libc++";
				CLANG_ENABLE_MODULES = YES;
				CLANG_ENABLE_OBJC_ARC = YES;
				CLANG_ENABLE_OBJC_WEAK = YES;
				CLANG_WARN_BLOCK_CAPTURE_AUTORELEASING = YES;
				CLANG_WARN_BOOL_CONVERSION = YES;
				CLANG_WARN_COMMA = YES;
				CLANG_WARN_CONSTANT_CONVERSION = YES;
				CLANG_WARN_DEPRECATED_OBJC_IMPLEMENTATIONS = YES;
				CLANG_WARN_DIRECT_OBJC_ISA_USAGE = YES_ERROR;
				CLANG_WARN_DOCUMENTATION_COMMENTS = YES;
				CLANG_WARN_EMPTY_BODY = YES;
				CLANG_WARN_ENUM_CONVERSION = YES;
				CLANG_WARN_INFINITE_RECURSION = YES;
				CLANG_WARN_INT_CONVERSION = YES;
				CLANG_WARN_NON_LITERAL_NULL_CONVERSION = YES;
				CLANG_WARN_OBJC_IMPLICIT_RETAIN_SELF = YES;
				CLANG_WARN_OBJC_LITERAL_CONVERSION = YES;
				CLANG_WARN_OBJC_ROOT_CLASS = YES_ERROR;
				CLANG_WARN_RANGE_LOOP_ANALYSIS = YES;
				CLANG_WARN_STRICT_PROTOTYPES = YES;
				CLANG_WARN_SUSPICIOUS_MOVE = YES;
				CLANG_WARN_UNGUARDED_AVAILABILITY = YES_AGGRESSIVE;
				CLANG_WARN_UNREACHABLE_CODE = YES;
				CLANG_WARN__DUPLICATE_METHOD_MATCH = YES;
				COPY_PHASE_STRIP = NO;
				DEBUG_INFORMATION_FORMAT = dwarf;
				ENABLE_STRICT_OBJC_MSGSEND = YES;
				ENABLE_TESTABILITY = YES;
				GCC_C_LANGUAGE_STANDARD = gnu11;
				GCC_DYNAMIC_NO_PIC = NO;
				GCC_NO_COMMON_BLOCKS = YES;
				GCC_OPTIMIZATION_LEVEL = 0;
				GCC_PREPROCESSOR_DEFINITIONS = (
					"DEBUG=1",
					"$(inherited)",
				);
				GCC_WARN_64_TO_32_BIT_CONVERSION = YES;
				GCC_WARN_ABOUT_RETURN_TYPE = YES_ERROR;
				GCC_WARN_UNDECLARED_SELECTOR = YES;
				GCC_WARN_UNINITIALIZED_AUTOS = YES_AGGRESSIVE;
				GCC_WARN_UNUSED_FUNCTION = YES;
				GCC_WARN_UNUSED_VARIABLE = YES;
				IPHONEOS_DEPLOYMENT_TARGET = 13.2;
				MTL_ENABLE_DEBUG_INFO = INCLUDE_SOURCE;
				MTL_FAST_MATH = YES;
				ONLY_ACTIVE_ARCH = YES;
				SDKROOT = iphoneos;
				SWIFT_ACTIVE_COMPILATION_CONDITIONS = DEBUG;
				SWIFT_OPTIMIZATION_LEVEL = "-Onone";
			};
			name = Debug;
		};
		BEEE1731237C88C200FCF2E4 /* Release */ = {
			isa = XCBuildConfiguration;
			buildSettings = {
				ALWAYS_SEARCH_USER_PATHS = NO;
				CLANG_ANALYZER_NONNULL = YES;
				CLANG_ANALYZER_NUMBER_OBJECT_CONVERSION = YES_AGGRESSIVE;
				CLANG_CXX_LANGUAGE_STANDARD = "gnu++14";
				CLANG_CXX_LIBRARY = "libc++";
				CLANG_ENABLE_MODULES = YES;
				CLANG_ENABLE_OBJC_ARC = YES;
				CLANG_ENABLE_OBJC_WEAK = YES;
				CLANG_WARN_BLOCK_CAPTURE_AUTORELEASING = YES;
				CLANG_WARN_BOOL_CONVERSION = YES;
				CLANG_WARN_COMMA = YES;
				CLANG_WARN_CONSTANT_CONVERSION = YES;
				CLANG_WARN_DEPRECATED_OBJC_IMPLEMENTATIONS = YES;
				CLANG_WARN_DIRECT_OBJC_ISA_USAGE = YES_ERROR;
				CLANG_WARN_DOCUMENTATION_COMMENTS = YES;
				CLANG_WARN_EMPTY_BODY = YES;
				CLANG_WARN_ENUM_CONVERSION = YES;
				CLANG_WARN_INFINITE_RECURSION = YES;
				CLANG_WARN_INT_CONVERSION = YES;
				CLANG_WARN_NON_LITERAL_NULL_CONVERSION = YES;
				CLANG_WARN_OBJC_IMPLICIT_RETAIN_SELF = YES;
				CLANG_WARN_OBJC_LITERAL_CONVERSION = YES;
				CLANG_WARN_OBJC_ROOT_CLASS = YES_ERROR;
				CLANG_WARN_RANGE_LOOP_ANALYSIS = YES;
				CLANG_WARN_STRICT_PROTOTYPES = YES;
				CLANG_WARN_SUSPICIOUS_MOVE = YES;
				CLANG_WARN_UNGUARDED_AVAILABILITY = YES_AGGRESSIVE;
				CLANG_WARN_UNREACHABLE_CODE = YES;
				CLANG_WARN__DUPLICATE_METHOD_MATCH = YES;
				COPY_PHASE_STRIP = NO;
				DEBUG_INFORMATION_FORMAT = "dwarf-with-dsym";
				ENABLE_NS_ASSERTIONS = NO;
				ENABLE_STRICT_OBJC_MSGSEND = YES;
				GCC_C_LANGUAGE_STANDARD = gnu11;
				GCC_NO_COMMON_BLOCKS = YES;
				GCC_WARN_64_TO_32_BIT_CONVERSION = YES;
				GCC_WARN_ABOUT_RETURN_TYPE = YES_ERROR;
				GCC_WARN_UNDECLARED_SELECTOR = YES;
				GCC_WARN_UNINITIALIZED_AUTOS = YES_AGGRESSIVE;
				GCC_WARN_UNUSED_FUNCTION = YES;
				GCC_WARN_UNUSED_VARIABLE = YES;
				IPHONEOS_DEPLOYMENT_TARGET = 13.2;
				MTL_ENABLE_DEBUG_INFO = NO;
				MTL_FAST_MATH = YES;
				SDKROOT = iphoneos;
				SWIFT_COMPILATION_MODE = wholemodule;
				SWIFT_OPTIMIZATION_LEVEL = "-O";
				VALIDATE_PRODUCT = YES;
			};
			name = Release;
		};
		BEEE1733237C88C200FCF2E4 /* Debug */ = {
			isa = XCBuildConfiguration;
			buildSettings = {
				ASSETCATALOG_COMPILER_APPICON_NAME = AppIcon;
				CODE_SIGN_STYLE = Automatic;
				DEVELOPMENT_ASSET_PATHS = "\"SwiftLive007/Preview Content\"";
				DEVELOPMENT_TEAM = 7Y2536B85X;
				ENABLE_PREVIEWS = YES;
				INFOPLIST_FILE = SwiftLive007/Info.plist;
				LD_RUNPATH_SEARCH_PATHS = (
					"$(inherited)",
					"@executable_path/Frameworks",
				);
				PRODUCT_BUNDLE_IDENTIFIER = istomin.SwiftLive007;
				PRODUCT_NAME = "$(TARGET_NAME)";
				SWIFT_VERSION = 5.0;
				TARGETED_DEVICE_FAMILY = "1,2";
			};
			name = Debug;
		};
		BEEE1734237C88C200FCF2E4 /* Release */ = {
			isa = XCBuildConfiguration;
			buildSettings = {
				ASSETCATALOG_COMPILER_APPICON_NAME = AppIcon;
				CODE_SIGN_STYLE = Automatic;
				DEVELOPMENT_ASSET_PATHS = "\"SwiftLive007/Preview Content\"";
				DEVELOPMENT_TEAM = 7Y2536B85X;
				ENABLE_PREVIEWS = YES;
				INFOPLIST_FILE = SwiftLive007/Info.plist;
				LD_RUNPATH_SEARCH_PATHS = (
					"$(inherited)",
					"@executable_path/Frameworks",
				);
				PRODUCT_BUNDLE_IDENTIFIER = istomin.SwiftLive007;
				PRODUCT_NAME = "$(TARGET_NAME)";
				SWIFT_VERSION = 5.0;
				TARGETED_DEVICE_FAMILY = "1,2";
			};
			name = Release;
		};
/* End XCBuildConfiguration section */

/* Begin XCConfigurationList section */
		BEEE1719237C88B800FCF2E4 /* Build configuration list for PBXProject "SwiftLive007" */ = {
			isa = XCConfigurationList;
			buildConfigurations = (
				BEEE1730237C88C200FCF2E4 /* Debug */,
				BEEE1731237C88C200FCF2E4 /* Release */,
			);
			defaultConfigurationIsVisible = 0;
			defaultConfigurationName = Release;
		};
		BEEE1732237C88C200FCF2E4 /* Build configuration list for PBXNativeTarget "SwiftLive007" */ = {
			isa = XCConfigurationList;
			buildConfigurations = (
				BEEE1733237C88C200FCF2E4 /* Debug */,
				BEEE1734237C88C200FCF2E4 /* Release */,
			);
			defaultConfigurationIsVisible = 0;
			defaultConfigurationName = Release;
		};
/* End XCConfigurationList section */
	};
	rootObject = BEEE1716237C88B800FCF2E4 /* Project object */;
}
