// !$*UTF8*$!
{
	archiveVersion = 1;
	classes = {
	};
	objectVersion = 50;
	objects = {

/* Begin PBXBuildFile section */
		BE8CFF5A2455F02D0075516F /* AppDelegate.swift in Sources */ = {isa = PBXBuildFile; fileRef = BE8CFF592455F02D0075516F /* AppDelegate.swift */; };
		BE8CFF5C2455F02D0075516F /* SceneDelegate.swift in Sources */ = {isa = PBXBuildFile; fileRef = BE8CFF5B2455F02D0075516F /* SceneDelegate.swift */; };
		BE8CFF5E2455F02D0075516F /* ContentView.swift in Sources */ = {isa = PBXBuildFile; fileRef = BE8CFF5D2455F02D0075516F /* ContentView.swift */; };
		BE8CFF602455F02E0075516F /* Assets.xcassets in Resources */ = {isa = PBXBuildFile; fileRef = BE8CFF5F2455F02E0075516F /* Assets.xcassets */; };
		BE8CFF632455F02E0075516F /* Preview Assets.xcassets in Resources */ = {isa = PBXBuildFile; fileRef = BE8CFF622455F02E0075516F /* Preview Assets.xcassets */; };
		BE8CFF662455F02E0075516F /* LaunchScreen.storyboard in Resources */ = {isa = PBXBuildFile; fileRef = BE8CFF642455F02E0075516F /* LaunchScreen.storyboard */; };
/* End PBXBuildFile section */

/* Begin PBXFileReference section */
		BE8CFF562455F02D0075516F /* ButtonsExample.app */ = {isa = PBXFileReference; explicitFileType = wrapper.application; includeInIndex = 0; path = ButtonsExample.app; sourceTree = BUILT_PRODUCTS_DIR; };
		BE8CFF592455F02D0075516F /* AppDelegate.swift */ = {isa = PBXFileReference; lastKnownFileType = sourcecode.swift; path = AppDelegate.swift; sourceTree = "<group>"; };
		BE8CFF5B2455F02D0075516F /* SceneDelegate.swift */ = {isa = PBXFileReference; lastKnownFileType = sourcecode.swift; path = SceneDelegate.swift; sourceTree = "<group>"; };
		BE8CFF5D2455F02D0075516F /* ContentView.swift */ = {isa = PBXFileReference; lastKnownFileType = sourcecode.swift; path = ContentView.swift; sourceTree = "<group>"; };
		BE8CFF5F2455F02E0075516F /* Assets.xcassets */ = {isa = PBXFileReference; lastKnownFileType = folder.assetcatalog; path = Assets.xcassets; sourceTree = "<group>"; };
		BE8CFF622455F02E0075516F /* Preview Assets.xcassets */ = {isa = PBXFileReference; lastKnownFileType = folder.assetcatalog; path = "Preview Assets.xcassets"; sourceTree = "<group>"; };
		BE8CFF652455F02E0075516F /* Base */ = {isa = PBXFileReference; lastKnownFileType = file.storyboard; name = Base; path = Base.lproj/LaunchScreen.storyboard; sourceTree = "<group>"; };
		BE8CFF672455F02E0075516F /* Info.plist */ = {isa = PBXFileReference; lastKnownFileType = text.plist.xml; path = Info.plist; sourceTree = "<group>"; };
/* End PBXFileReference section */

/* Begin PBXFrameworksBuildPhase section */
		BE8CFF532455F02D0075516F /* Frameworks */ = {
			isa = PBXFrameworksBuildPhase;
			buildActionMask = 2147483647;
			files = (
			);
			runOnlyForDeploymentPostprocessing = 0;
		};
/* End PBXFrameworksBuildPhase section */

/* Begin PBXGroup section */
		BE8CFF4D2455F02D0075516F = {
			isa = PBXGroup;
			children = (
				BE8CFF582455F02D0075516F /* ButtonsExample */,
				BE8CFF572455F02D0075516F /* Products */,
			);
			sourceTree = "<group>";
		};
		BE8CFF572455F02D0075516F /* Products */ = {
			isa = PBXGroup;
			children = (
				BE8CFF562455F02D0075516F /* ButtonsExample.app */,
			);
			name = Products;
			sourceTree = "<group>";
		};
		BE8CFF582455F02D0075516F /* ButtonsExample */ = {
			isa = PBXGroup;
			children = (
				BE8CFF592455F02D0075516F /* AppDelegate.swift */,
				BE8CFF5B2455F02D0075516F /* SceneDelegate.swift */,
				BE8CFF5D2455F02D0075516F /* ContentView.swift */,
				BE8CFF5F2455F02E0075516F /* Assets.xcassets */,
				BE8CFF642455F02E0075516F /* LaunchScreen.storyboard */,
				BE8CFF672455F02E0075516F /* Info.plist */,
				BE8CFF612455F02E0075516F /* Preview Content */,
			);
			path = ButtonsExample;
			sourceTree = "<group>";
		};
		BE8CFF612455F02E0075516F /* Preview Content */ = {
			isa = PBXGroup;
			children = (
				BE8CFF622455F02E0075516F /* Preview Assets.xcassets */,
			);
			path = "Preview Content";
			sourceTree = "<group>";
		};
/* End PBXGroup section */

/* Begin PBXNativeTarget section */
		BE8CFF552455F02D0075516F /* ButtonsExample */ = {
			isa = PBXNativeTarget;
			buildConfigurationList = BE8CFF6A2455F02E0075516F /* Build configuration list for PBXNativeTarget "ButtonsExample" */;
			buildPhases = (
				BE8CFF522455F02D0075516F /* Sources */,
				BE8CFF532455F02D0075516F /* Frameworks */,
				BE8CFF542455F02D0075516F /* Resources */,
			);
			buildRules = (
			);
			dependencies = (
			);
			name = ButtonsExample;
			productName = ButtonsExample;
			productReference = BE8CFF562455F02D0075516F /* ButtonsExample.app */;
			productType = "com.apple.product-type.application";
		};
/* End PBXNativeTarget section */

/* Begin PBXProject section */
		BE8CFF4E2455F02D0075516F /* Project object */ = {
			isa = PBXProject;
			attributes = {
				LastSwiftUpdateCheck = 1140;
				LastUpgradeCheck = 1140;
				ORGANIZATIONNAME = "Александр Истомин";
				TargetAttributes = {
					BE8CFF552455F02D0075516F = {
						CreatedOnToolsVersion = 11.4.1;
					};
				};
			};
			buildConfigurationList = BE8CFF512455F02D0075516F /* Build configuration list for PBXProject "ButtonsExample" */;
			compatibilityVersion = "Xcode 9.3";
			developmentRegion = en;
			hasScannedForEncodings = 0;
			knownRegions = (
				en,
				Base,
			);
			mainGroup = BE8CFF4D2455F02D0075516F;
			productRefGroup = BE8CFF572455F02D0075516F /* Products */;
			projectDirPath = "";
			projectRoot = "";
			targets = (
				BE8CFF552455F02D0075516F /* ButtonsExample */,
			);
		};
/* End PBXProject section */

/* Begin PBXResourcesBuildPhase section */
		BE8CFF542455F02D0075516F /* Resources */ = {
			isa = PBXResourcesBuildPhase;
			buildActionMask = 2147483647;
			files = (
				BE8CFF662455F02E0075516F /* LaunchScreen.storyboard in Resources */,
				BE8CFF632455F02E0075516F /* Preview Assets.xcassets in Resources */,
				BE8CFF602455F02E0075516F /* Assets.xcassets in Resources */,
			);
			runOnlyForDeploymentPostprocessing = 0;
		};
/* End PBXResourcesBuildPhase section */

/* Begin PBXSourcesBuildPhase section */
		BE8CFF522455F02D0075516F /* Sources */ = {
			isa = PBXSourcesBuildPhase;
			buildActionMask = 2147483647;
			files = (
				BE8CFF5A2455F02D0075516F /* AppDelegate.swift in Sources */,
				BE8CFF5C2455F02D0075516F /* SceneDelegate.swift in Sources */,
				BE8CFF5E2455F02D0075516F /* ContentView.swift in Sources */,
			);
			runOnlyForDeploymentPostprocessing = 0;
		};
/* End PBXSourcesBuildPhase section */

/* Begin PBXVariantGroup section */
		BE8CFF642455F02E0075516F /* LaunchScreen.storyboard */ = {
			isa = PBXVariantGroup;
			children = (
				BE8CFF652455F02E0075516F /* Base */,
			);
			name = LaunchScreen.storyboard;
			sourceTree = "<group>";
		};
/* End PBXVariantGroup section */

/* Begin XCBuildConfiguration section */
		BE8CFF682455F02E0075516F /* Debug */ = {
			isa = XCBuildConfiguration;
			buildSettings = {
				ALWAYS_SEARCH_USER_PATHS = NO;
				CLANG_ANALYZER_NONNULL = YES;
				CLANG_ANALYZER_NUMBER_OBJECT_CONVERSION = YES_AGGRESSIVE;
				CLANG_CXX_LANGUAGE_STANDARD = "gnu++14";
				CLANG_CXX_LIBRARY = "libc++";
				CLANG_ENABLE_MODULES = YES;
				CLANG_ENABLE_OBJC_ARC = YES;
				CLANG_ENABLE_OBJC_WEAK = YES;
				CLANG_WARN_BLOCK_CAPTURE_AUTORELEASING = YES;
				CLANG_WARN_BOOL_CONVERSION = YES;
				CLANG_WARN_COMMA = YES;
				CLANG_WARN_CONSTANT_CONVERSION = YES;
				CLANG_WARN_DEPRECATED_OBJC_IMPLEMENTATIONS = YES;
				CLANG_WARN_DIRECT_OBJC_ISA_USAGE = YES_ERROR;
				CLANG_WARN_DOCUMENTATION_COMMENTS = YES;
				CLANG_WARN_EMPTY_BODY = YES;
				CLANG_WARN_ENUM_CONVERSION = YES;
				CLANG_WARN_INFINITE_RECURSION = YES;
				CLANG_WARN_INT_CONVERSION = YES;
				CLANG_WARN_NON_LITERAL_NULL_CONVERSION = YES;
				CLANG_WARN_OBJC_IMPLICIT_RETAIN_SELF = YES;
				CLANG_WARN_OBJC_LITERAL_CONVERSION = YES;
				CLANG_WARN_OBJC_ROOT_CLASS = YES_ERROR;
				CLANG_WARN_RANGE_LOOP_ANALYSIS = YES;
				CLANG_WARN_STRICT_PROTOTYPES = YES;
				CLANG_WARN_SUSPICIOUS_MOVE = YES;
				CLANG_WARN_UNGUARDED_AVAILABILITY = YES_AGGRESSIVE;
				CLANG_WARN_UNREACHABLE_CODE = YES;
				CLANG_WARN__DUPLICATE_METHOD_MATCH = YES;
				COPY_PHASE_STRIP = NO;
				DEBUG_INFORMATION_FORMAT = dwarf;
				ENABLE_STRICT_OBJC_MSGSEND = YES;
				ENABLE_TESTABILITY = YES;
				GCC_C_LANGUAGE_STANDARD = gnu11;
				GCC_DYNAMIC_NO_PIC = NO;
				GCC_NO_COMMON_BLOCKS = YES;
				GCC_OPTIMIZATION_LEVEL = 0;
				GCC_PREPROCESSOR_DEFINITIONS = (
					"DEBUG=1",
					"$(inherited)",
				);
				GCC_WARN_64_TO_32_BIT_CONVERSION = YES;
				GCC_WARN_ABOUT_RETURN_TYPE = YES_ERROR;
				GCC_WARN_UNDECLARED_SELECTOR = YES;
				GCC_WARN_UNINITIALIZED_AUTOS = YES_AGGRESSIVE;
				GCC_WARN_UNUSED_FUNCTION = YES;
				GCC_WARN_UNUSED_VARIABLE = YES;
				IPHONEOS_DEPLOYMENT_TARGET = 13.4;
				MTL_ENABLE_DEBUG_INFO = INCLUDE_SOURCE;
				MTL_FAST_MATH = YES;
				ONLY_ACTIVE_ARCH = YES;
				SDKROOT = iphoneos;
				SWIFT_ACTIVE_COMPILATION_CONDITIONS = DEBUG;
				SWIFT_OPTIMIZATION_LEVEL = "-Onone";
			};
			name = Debug;
		};
		BE8CFF692455F02E0075516F /* Release */ = {
			isa = XCBuildConfiguration;
			buildSettings = {
				ALWAYS_SEARCH_USER_PATHS = NO;
				CLANG_ANALYZER_NONNULL = YES;
				CLANG_ANALYZER_NUMBER_OBJECT_CONVERSION = YES_AGGRESSIVE;
				CLANG_CXX_LANGUAGE_STANDARD = "gnu++14";
				CLANG_CXX_LIBRARY = "libc++";
				CLANG_ENABLE_MODULES = YES;
				CLANG_ENABLE_OBJC_ARC = YES;
				CLANG_ENABLE_OBJC_WEAK = YES;
				CLANG_WARN_BLOCK_CAPTURE_AUTORELEASING = YES;
				CLANG_WARN_BOOL_CONVERSION = YES;
				CLANG_WARN_COMMA = YES;
				CLANG_WARN_CONSTANT_CONVERSION = YES;
				CLANG_WARN_DEPRECATED_OBJC_IMPLEMENTATIONS = YES;
				CLANG_WARN_DIRECT_OBJC_ISA_USAGE = YES_ERROR;
				CLANG_WARN_DOCUMENTATION_COMMENTS = YES;
				CLANG_WARN_EMPTY_BODY = YES;
				CLANG_WARN_ENUM_CONVERSION = YES;
				CLANG_WARN_INFINITE_RECURSION = YES;
				CLANG_WARN_INT_CONVERSION = YES;
				CLANG_WARN_NON_LITERAL_NULL_CONVERSION = YES;
				CLANG_WARN_OBJC_IMPLICIT_RETAIN_SELF = YES;
				CLANG_WARN_OBJC_LITERAL_CONVERSION = YES;
				CLANG_WARN_OBJC_ROOT_CLASS = YES_ERROR;
				CLANG_WARN_RANGE_LOOP_ANALYSIS = YES;
				CLANG_WARN_STRICT_PROTOTYPES = YES;
				CLANG_WARN_SUSPICIOUS_MOVE = YES;
				CLANG_WARN_UNGUARDED_AVAILABILITY = YES_AGGRESSIVE;
				CLANG_WARN_UNREACHABLE_CODE = YES;
				CLANG_WARN__DUPLICATE_METHOD_MATCH = YES;
				COPY_PHASE_STRIP = NO;
				DEBUG_INFORMATION_FORMAT = "dwarf-with-dsym";
				ENABLE_NS_ASSERTIONS = NO;
				ENABLE_STRICT_OBJC_MSGSEND = YES;
				GCC_C_LANGUAGE_STANDARD = gnu11;
				GCC_NO_COMMON_BLOCKS = YES;
				GCC_WARN_64_TO_32_BIT_CONVERSION = YES;
				GCC_WARN_ABOUT_RETURN_TYPE = YES_ERROR;
				GCC_WARN_UNDECLARED_SELECTOR = YES;
				GCC_WARN_UNINITIALIZED_AUTOS = YES_AGGRESSIVE;
				GCC_WARN_UNUSED_FUNCTION = YES;
				GCC_WARN_UNUSED_VARIABLE = YES;
				IPHONEOS_DEPLOYMENT_TARGET = 13.4;
				MTL_ENABLE_DEBUG_INFO = NO;
				MTL_FAST_MATH = YES;
				SDKROOT = iphoneos;
				SWIFT_COMPILATION_MODE = wholemodule;
				SWIFT_OPTIMIZATION_LEVEL = "-O";
				VALIDATE_PRODUCT = YES;
			};
			name = Release;
		};
		BE8CFF6B2455F02E0075516F /* Debug */ = {
			isa = XCBuildConfiguration;
			buildSettings = {
				ASSETCATALOG_COMPILER_APPICON_NAME = AppIcon;
				CODE_SIGN_STYLE = Automatic;
				DEVELOPMENT_ASSET_PATHS = "\"ButtonsExample/Preview Content\"";
				DEVELOPMENT_TEAM = 7Y2536B85X;
				ENABLE_PREVIEWS = YES;
				INFOPLIST_FILE = ButtonsExample/Info.plist;
				LD_RUNPATH_SEARCH_PATHS = (
					"$(inherited)",
					"@executable_path/Frameworks",
				);
				PRODUCT_BUNDLE_IDENTIFIER = "Aleksandr-Istomin.ButtonsExample";
				PRODUCT_NAME = "$(TARGET_NAME)";
				SWIFT_VERSION = 5.0;
				TARGETED_DEVICE_FAMILY = "1,2";
			};
			name = Debug;
		};
		BE8CFF6C2455F02E0075516F /* Release */ = {
			isa = XCBuildConfiguration;
			buildSettings = {
				ASSETCATALOG_COMPILER_APPICON_NAME = AppIcon;
				CODE_SIGN_STYLE = Automatic;
				DEVELOPMENT_ASSET_PATHS = "\"ButtonsExample/Preview Content\"";
				DEVELOPMENT_TEAM = 7Y2536B85X;
				ENABLE_PREVIEWS = YES;
				INFOPLIST_FILE = ButtonsExample/Info.plist;
				LD_RUNPATH_SEARCH_PATHS = (
					"$(inherited)",
					"@executable_path/Frameworks",
				);
				PRODUCT_BUNDLE_IDENTIFIER = "Aleksandr-Istomin.ButtonsExample";
				PRODUCT_NAME = "$(TARGET_NAME)";
				SWIFT_VERSION = 5.0;
				TARGETED_DEVICE_FAMILY = "1,2";
			};
			name = Release;
		};
/* End XCBuildConfiguration section */

/* Begin XCConfigurationList section */
		BE8CFF512455F02D0075516F /* Build configuration list for PBXProject "ButtonsExample" */ = {
			isa = XCConfigurationList;
			buildConfigurations = (
				BE8CFF682455F02E0075516F /* Debug */,
				BE8CFF692455F02E0075516F /* Release */,
			);
			defaultConfigurationIsVisible = 0;
			defaultConfigurationName = Release;
		};
		BE8CFF6A2455F02E0075516F /* Build configuration list for PBXNativeTarget "ButtonsExample" */ = {
			isa = XCConfigurationList;
			buildConfigurations = (
				BE8CFF6B2455F02E0075516F /* Debug */,
				BE8CFF6C2455F02E0075516F /* Release */,
			);
			defaultConfigurationIsVisible = 0;
			defaultConfigurationName = Release;
		};
/* End XCConfigurationList section */
	};
	rootObject = BE8CFF4E2455F02D0075516F /* Project object */;
}
